// !$*UTF8*$!
{
	archiveVersion = 1;
	classes = {
	};
	objectVersion = 50;
	objects = {

/* Begin PBXBuildFile section */
		B35FC00620AD4F02006BCBD8 /* AppDelegate.m in Sources */ = {isa = PBXBuildFile; fileRef = B35FC00520AD4F02006BCBD8 /* AppDelegate.m */; };
		B35FC00920AD4F02006BCBD8 /* ViewController.m in Sources */ = {isa = PBXBuildFile; fileRef = B35FC00820AD4F02006BCBD8 /* ViewController.m */; };
		B35FC00E20AD4F04006BCBD8 /* Assets.xcassets in Resources */ = {isa = PBXBuildFile; fileRef = B35FC00D20AD4F04006BCBD8 /* Assets.xcassets */; };
		B35FC01420AD4F04006BCBD8 /* main.m in Sources */ = {isa = PBXBuildFile; fileRef = B35FC01320AD4F04006BCBD8 /* main.m */; };
		B35FC02420AD4F17006BCBD8 /* BaseViewController.m in Sources */ = {isa = PBXBuildFile; fileRef = B35FC01E20AD4F17006BCBD8 /* BaseViewController.m */; };
		B35FC02520AD4F17006BCBD8 /* TF_TitleView.m in Sources */ = {isa = PBXBuildFile; fileRef = B35FC02220AD4F17006BCBD8 /* TF_TitleView.m */; };
		B35FC0CF20AD4F29006BCBD8 /* MJPropertyType.m in Sources */ = {isa = PBXBuildFile; fileRef = B35FC02D20AD4F28006BCBD8 /* MJPropertyType.m */; };
		B35FC0D020AD4F29006BCBD8 /* NSObject+MJKeyValue.m in Sources */ = {isa = PBXBuildFile; fileRef = B35FC03020AD4F28006BCBD8 /* NSObject+MJKeyValue.m */; };
		B35FC0D120AD4F29006BCBD8 /* MJProperty.m in Sources */ = {isa = PBXBuildFile; fileRef = B35FC03120AD4F28006BCBD8 /* MJProperty.m */; };
		B35FC0D220AD4F29006BCBD8 /* NSObject+MJCoding.m in Sources */ = {isa = PBXBuildFile; fileRef = B35FC03320AD4F28006BCBD8 /* NSObject+MJCoding.m */; };
		B35FC0D320AD4F29006BCBD8 /* MJExtensionConst.m in Sources */ = {isa = PBXBuildFile; fileRef = B35FC03520AD4F28006BCBD8 /* MJExtensionConst.m */; };
		B35FC0D420AD4F29006BCBD8 /* NSObject+MJProperty.m in Sources */ = {isa = PBXBuildFile; fileRef = B35FC03620AD4F28006BCBD8 /* NSObject+MJProperty.m */; };
		B35FC0D520AD4F29006BCBD8 /* NSObject+MJClass.m in Sources */ = {isa = PBXBuildFile; fileRef = B35FC03820AD4F28006BCBD8 /* NSObject+MJClass.m */; };
		B35FC0D620AD4F29006BCBD8 /* NSString+MJExtension.m in Sources */ = {isa = PBXBuildFile; fileRef = B35FC03920AD4F28006BCBD8 /* NSString+MJExtension.m */; };
		B35FC0D720AD4F29006BCBD8 /* MJPropertyKey.m in Sources */ = {isa = PBXBuildFile; fileRef = B35FC03A20AD4F28006BCBD8 /* MJPropertyKey.m */; };
		B35FC0D820AD4F29006BCBD8 /* MJFoundation.m in Sources */ = {isa = PBXBuildFile; fileRef = B35FC03E20AD4F28006BCBD8 /* MJFoundation.m */; };
		B35FC0D920AD4F29006BCBD8 /* UIScrollView+MJRefresh.m in Sources */ = {isa = PBXBuildFile; fileRef = B35FC04020AD4F28006BCBD8 /* UIScrollView+MJRefresh.m */; };
		B35FC0DA20AD4F29006BCBD8 /* MJRefreshConst.m in Sources */ = {isa = PBXBuildFile; fileRef = B35FC04120AD4F28006BCBD8 /* MJRefreshConst.m */; };
		B35FC0DB20AD4F29006BCBD8 /* MJRefresh.bundle in Resources */ = {isa = PBXBuildFile; fileRef = B35FC04520AD4F28006BCBD8 /* MJRefresh.bundle */; };
		B35FC0DC20AD4F29006BCBD8 /* UIScrollView+MJExtension.m in Sources */ = {isa = PBXBuildFile; fileRef = B35FC04720AD4F28006BCBD8 /* UIScrollView+MJExtension.m */; };
		B35FC0DD20AD4F29006BCBD8 /* NSBundle+MJRefresh.m in Sources */ = {isa = PBXBuildFile; fileRef = B35FC04A20AD4F28006BCBD8 /* NSBundle+MJRefresh.m */; };
		B35FC0DE20AD4F29006BCBD8 /* UIView+MJExtension.m in Sources */ = {isa = PBXBuildFile; fileRef = B35FC04B20AD4F28006BCBD8 /* UIView+MJExtension.m */; };
		B35FC0DF20AD4F29006BCBD8 /* MJRefreshBackGifFooter.m in Sources */ = {isa = PBXBuildFile; fileRef = B35FC05220AD4F28006BCBD8 /* MJRefreshBackGifFooter.m */; };
		B35FC0E020AD4F29006BCBD8 /* MJRefreshBackStateFooter.m in Sources */ = {isa = PBXBuildFile; fileRef = B35FC05320AD4F28006BCBD8 /* MJRefreshBackStateFooter.m */; };
		B35FC0E120AD4F29006BCBD8 /* MJRefreshBackNormalFooter.m in Sources */ = {isa = PBXBuildFile; fileRef = B35FC05420AD4F28006BCBD8 /* MJRefreshBackNormalFooter.m */; };
		B35FC0E220AD4F29006BCBD8 /* MJRefreshAutoStateFooter.m in Sources */ = {isa = PBXBuildFile; fileRef = B35FC05920AD4F28006BCBD8 /* MJRefreshAutoStateFooter.m */; };
		B35FC0E320AD4F29006BCBD8 /* MJRefreshAutoGifFooter.m in Sources */ = {isa = PBXBuildFile; fileRef = B35FC05A20AD4F28006BCBD8 /* MJRefreshAutoGifFooter.m */; };
		B35FC0E420AD4F29006BCBD8 /* MJRefreshAutoNormalFooter.m in Sources */ = {isa = PBXBuildFile; fileRef = B35FC05B20AD4F28006BCBD8 /* MJRefreshAutoNormalFooter.m */; };
		B35FC0E520AD4F29006BCBD8 /* MJRefreshNormalHeader.m in Sources */ = {isa = PBXBuildFile; fileRef = B35FC05D20AD4F28006BCBD8 /* MJRefreshNormalHeader.m */; };
		B35FC0E620AD4F29006BCBD8 /* MJRefreshStateHeader.m in Sources */ = {isa = PBXBuildFile; fileRef = B35FC06120AD4F28006BCBD8 /* MJRefreshStateHeader.m */; };
		B35FC0E720AD4F29006BCBD8 /* MJRefreshGifHeader.m in Sources */ = {isa = PBXBuildFile; fileRef = B35FC06220AD4F28006BCBD8 /* MJRefreshGifHeader.m */; };
		B35FC0E820AD4F29006BCBD8 /* MJRefreshFooter.m in Sources */ = {isa = PBXBuildFile; fileRef = B35FC06420AD4F28006BCBD8 /* MJRefreshFooter.m */; };
		B35FC0E920AD4F29006BCBD8 /* MJRefreshHeader.m in Sources */ = {isa = PBXBuildFile; fileRef = B35FC06620AD4F28006BCBD8 /* MJRefreshHeader.m */; };
		B35FC0EA20AD4F29006BCBD8 /* MJRefreshBackFooter.m in Sources */ = {isa = PBXBuildFile; fileRef = B35FC06820AD4F28006BCBD8 /* MJRefreshBackFooter.m */; };
		B35FC0EB20AD4F29006BCBD8 /* MJRefreshAutoFooter.m in Sources */ = {isa = PBXBuildFile; fileRef = B35FC06920AD4F28006BCBD8 /* MJRefreshAutoFooter.m */; };
		B35FC0EC20AD4F29006BCBD8 /* MJRefreshComponent.m in Sources */ = {isa = PBXBuildFile; fileRef = B35FC06B20AD4F28006BCBD8 /* MJRefreshComponent.m */; };
		B35FC0ED20AD4F29006BCBD8 /* AFURLResponseSerialization.m in Sources */ = {isa = PBXBuildFile; fileRef = B35FC07B20AD4F28006BCBD8 /* AFURLResponseSerialization.m */; };
		B35FC0EE20AD4F29006BCBD8 /* AFHTTPSessionManager.m in Sources */ = {isa = PBXBuildFile; fileRef = B35FC07C20AD4F28006BCBD8 /* AFHTTPSessionManager.m */; };
		B35FC0EF20AD4F29006BCBD8 /* AFURLConnectionOperation.m in Sources */ = {isa = PBXBuildFile; fileRef = B35FC07D20AD4F28006BCBD8 /* AFURLConnectionOperation.m */; };
		B35FC0F020AD4F29006BCBD8 /* AFURLSessionManager.m in Sources */ = {isa = PBXBuildFile; fileRef = B35FC07F20AD4F28006BCBD8 /* AFURLSessionManager.m */; };
		B35FC0F120AD4F29006BCBD8 /* AFHTTPRequestOperationManager.m in Sources */ = {isa = PBXBuildFile; fileRef = B35FC08020AD4F28006BCBD8 /* AFHTTPRequestOperationManager.m */; };
		B35FC0F220AD4F29006BCBD8 /* AFURLRequestSerialization.m in Sources */ = {isa = PBXBuildFile; fileRef = B35FC08120AD4F28006BCBD8 /* AFURLRequestSerialization.m */; };
		B35FC0F320AD4F29006BCBD8 /* AFHTTPRequestOperation.m in Sources */ = {isa = PBXBuildFile; fileRef = B35FC08220AD4F28006BCBD8 /* AFHTTPRequestOperation.m */; };
		B35FC0F420AD4F29006BCBD8 /* AFNetworkReachabilityManager.m in Sources */ = {isa = PBXBuildFile; fileRef = B35FC08420AD4F28006BCBD8 /* AFNetworkReachabilityManager.m */; };
		B35FC0F520AD4F29006BCBD8 /* AFSecurityPolicy.m in Sources */ = {isa = PBXBuildFile; fileRef = B35FC08520AD4F28006BCBD8 /* AFSecurityPolicy.m */; };
		B35FC0F620AD4F29006BCBD8 /* MBProgressHUD.m in Sources */ = {isa = PBXBuildFile; fileRef = B35FC08820AD4F28006BCBD8 /* MBProgressHUD.m */; };
		B35FC0F720AD4F29006BCBD8 /* SDWebImageManager.m in Sources */ = {isa = PBXBuildFile; fileRef = B35FC08D20AD4F28006BCBD8 /* SDWebImageManager.m */; };
		B35FC0F820AD4F29006BCBD8 /* SDWebImageDecoder.m in Sources */ = {isa = PBXBuildFile; fileRef = B35FC08E20AD4F28006BCBD8 /* SDWebImageDecoder.m */; };
		B35FC0F920AD4F29006BCBD8 /* UIImageView+HighlightedWebCache.m in Sources */ = {isa = PBXBuildFile; fileRef = B35FC09020AD4F28006BCBD8 /* UIImageView+HighlightedWebCache.m */; };
		B35FC0FA20AD4F29006BCBD8 /* SDWebImageDownloader.m in Sources */ = {isa = PBXBuildFile; fileRef = B35FC09220AD4F28006BCBD8 /* SDWebImageDownloader.m */; };
		B35FC0FB20AD4F29006BCBD8 /* UIImage+GIF.m in Sources */ = {isa = PBXBuildFile; fileRef = B35FC09320AD4F28006BCBD8 /* UIImage+GIF.m */; };
		B35FC0FC20AD4F29006BCBD8 /* UIImage+MultiFormat.m in Sources */ = {isa = PBXBuildFile; fileRef = B35FC09520AD4F28006BCBD8 /* UIImage+MultiFormat.m */; };
		B35FC0FD20AD4F29006BCBD8 /* SDWebImageCompat.m in Sources */ = {isa = PBXBuildFile; fileRef = B35FC09620AD4F28006BCBD8 /* SDWebImageCompat.m */; };
		B35FC0FE20AD4F29006BCBD8 /* SDWebImagePrefetcher.m in Sources */ = {isa = PBXBuildFile; fileRef = B35FC09720AD4F28006BCBD8 /* SDWebImagePrefetcher.m */; };
		B35FC0FF20AD4F29006BCBD8 /* SDImageCache.m in Sources */ = {isa = PBXBuildFile; fileRef = B35FC09920AD4F28006BCBD8 /* SDImageCache.m */; };
		B35FC10020AD4F29006BCBD8 /* SDWebImageDownloaderOperation.m in Sources */ = {isa = PBXBuildFile; fileRef = B35FC09B20AD4F28006BCBD8 /* SDWebImageDownloaderOperation.m */; };
		B35FC10120AD4F29006BCBD8 /* NSData+ImageContentType.m in Sources */ = {isa = PBXBuildFile; fileRef = B35FC09E20AD4F28006BCBD8 /* NSData+ImageContentType.m */; };
		B35FC10220AD4F29006BCBD8 /* UIImageView+WebCache.m in Sources */ = {isa = PBXBuildFile; fileRef = B35FC09F20AD4F28006BCBD8 /* UIImageView+WebCache.m */; };
		B35FC10320AD4F29006BCBD8 /* UIView+WebCacheOperation.m in Sources */ = {isa = PBXBuildFile; fileRef = B35FC0A220AD4F28006BCBD8 /* UIView+WebCacheOperation.m */; };
		B35FC10420AD4F29006BCBD8 /* UIButton+WebCache.m in Sources */ = {isa = PBXBuildFile; fileRef = B35FC0A620AD4F28006BCBD8 /* UIButton+WebCache.m */; };
		B35FC10520AD4F29006BCBD8 /* JSONValueTransformer.m in Sources */ = {isa = PBXBuildFile; fileRef = B35FC0AA20AD4F28006BCBD8 /* JSONValueTransformer.m */; };
		B35FC10620AD4F29006BCBD8 /* JSONKeyMapper.m in Sources */ = {isa = PBXBuildFile; fileRef = B35FC0AD20AD4F28006BCBD8 /* JSONKeyMapper.m */; };
		B35FC10720AD4F29006BCBD8 /* JSONModel.m in Sources */ = {isa = PBXBuildFile; fileRef = B35FC0B020AD4F28006BCBD8 /* JSONModel.m */; };
		B35FC10820AD4F29006BCBD8 /* JSONModelError.m in Sources */ = {isa = PBXBuildFile; fileRef = B35FC0B120AD4F28006BCBD8 /* JSONModelError.m */; };
		B35FC10920AD4F29006BCBD8 /* JSONModelClassProperty.m in Sources */ = {isa = PBXBuildFile; fileRef = B35FC0B420AD4F28006BCBD8 /* JSONModelClassProperty.m */; };
		B35FC10A20AD4F29006BCBD8 /* JSONHTTPClient.m in Sources */ = {isa = PBXBuildFile; fileRef = B35FC0B820AD4F28006BCBD8 /* JSONHTTPClient.m */; };
		B35FC10B20AD4F29006BCBD8 /* JSONAPI.m in Sources */ = {isa = PBXBuildFile; fileRef = B35FC0B920AD4F28006BCBD8 /* JSONAPI.m */; };
		B35FC10C20AD4F29006BCBD8 /* JSONModel+networking.m in Sources */ = {isa = PBXBuildFile; fileRef = B35FC0BD20AD4F28006BCBD8 /* JSONModel+networking.m */; };
		B35FC10D20AD4F29006BCBD8 /* DateTools.bundle in Resources */ = {isa = PBXBuildFile; fileRef = B35FC0BF20AD4F28006BCBD8 /* DateTools.bundle */; };
		B35FC10E20AD4F29006BCBD8 /* DTTimePeriod.m in Sources */ = {isa = PBXBuildFile; fileRef = B35FC0C020AD4F28006BCBD8 /* DTTimePeriod.m */; };
		B35FC10F20AD4F29006BCBD8 /* NSDate+DateTools.m in Sources */ = {isa = PBXBuildFile; fileRef = B35FC0C320AD4F28006BCBD8 /* NSDate+DateTools.m */; };
		B35FC11020AD4F29006BCBD8 /* DTTimePeriodGroup.m in Sources */ = {isa = PBXBuildFile; fileRef = B35FC0C520AD4F28006BCBD8 /* DTTimePeriodGroup.m */; };
		B35FC11120AD4F29006BCBD8 /* DTConstants.m in Sources */ = {isa = PBXBuildFile; fileRef = B35FC0C920AD4F28006BCBD8 /* DTConstants.m */; };
		B35FC11220AD4F29006BCBD8 /* DTError.m in Sources */ = {isa = PBXBuildFile; fileRef = B35FC0CA20AD4F28006BCBD8 /* DTError.m */; };
		B35FC11320AD4F29006BCBD8 /* DTTimePeriodCollection.m in Sources */ = {isa = PBXBuildFile; fileRef = B35FC0CB20AD4F28006BCBD8 /* DTTimePeriodCollection.m */; };
		B35FC11420AD4F29006BCBD8 /* DTTimePeriodChain.m in Sources */ = {isa = PBXBuildFile; fileRef = B35FC0CD20AD4F28006BCBD8 /* DTTimePeriodChain.m */; };
		B35FC12620AD5292006BCBD8 /* InfoPlist.strings in Resources */ = {isa = PBXBuildFile; fileRef = B35FC12820AD5292006BCBD8 /* InfoPlist.strings */; };
		B35FC13320AD54A6006BCBD8 /* LaunchScreen.storyboard in Resources */ = {isa = PBXBuildFile; fileRef = B35FC13220AD54A5006BCBD8 /* LaunchScreen.storyboard */; };
		B35FC13620AD5645006BCBD8 /* Localizable.strings in Resources */ = {isa = PBXBuildFile; fileRef = B35FC13820AD5645006BCBD8 /* Localizable.strings */; };
		B35FC13F20AD58DD006BCBD8 /* NSBundle+Language.m in Sources */ = {isa = PBXBuildFile; fileRef = B35FC13D20AD58DD006BCBD8 /* NSBundle+Language.m */; };
		B35FC14420AD5939006BCBD8 /* NSDictionary+NONNULLValue.m in Sources */ = {isa = PBXBuildFile; fileRef = B35FC14020AD5939006BCBD8 /* NSDictionary+NONNULLValue.m */; };
		B35FC14520AD5939006BCBD8 /* UIImage+UIColor.m in Sources */ = {isa = PBXBuildFile; fileRef = B35FC14220AD5939006BCBD8 /* UIImage+UIColor.m */; };
		B35FC14820AD594C006BCBD8 /* NSString+CGSize.m in Sources */ = {isa = PBXBuildFile; fileRef = B35FC14720AD594C006BCBD8 /* NSString+CGSize.m */; };
		B35FC14D20AD5A9E006BCBD8 /* BaseRequestModel.m in Sources */ = {isa = PBXBuildFile; fileRef = B35FC14A20AD5A9E006BCBD8 /* BaseRequestModel.m */; };
		B35FC15020AD5BE7006BCBD8 /* AFHTTPClient.m in Sources */ = {isa = PBXBuildFile; fileRef = B35FC14F20AD5BE7006BCBD8 /* AFHTTPClient.m */; };
/* End PBXBuildFile section */

/* Begin PBXFileReference section */
		B35FC00120AD4F02006BCBD8 /* KAAStar.app */ = {isa = PBXFileReference; explicitFileType = wrapper.application; includeInIndex = 0; path = KAAStar.app; sourceTree = BUILT_PRODUCTS_DIR; };
		B35FC00420AD4F02006BCBD8 /* AppDelegate.h */ = {isa = PBXFileReference; lastKnownFileType = sourcecode.c.h; path = AppDelegate.h; sourceTree = "<group>"; };
		B35FC00520AD4F02006BCBD8 /* AppDelegate.m */ = {isa = PBXFileReference; lastKnownFileType = sourcecode.c.objc; path = AppDelegate.m; sourceTree = "<group>"; };
		B35FC00720AD4F02006BCBD8 /* ViewController.h */ = {isa = PBXFileReference; lastKnownFileType = sourcecode.c.h; path = ViewController.h; sourceTree = "<group>"; };
		B35FC00820AD4F02006BCBD8 /* ViewController.m */ = {isa = PBXFileReference; lastKnownFileType = sourcecode.c.objc; path = ViewController.m; sourceTree = "<group>"; };
		B35FC00D20AD4F04006BCBD8 /* Assets.xcassets */ = {isa = PBXFileReference; lastKnownFileType = folder.assetcatalog; path = Assets.xcassets; sourceTree = "<group>"; };
		B35FC01220AD4F04006BCBD8 /* Info.plist */ = {isa = PBXFileReference; lastKnownFileType = text.plist.xml; path = Info.plist; sourceTree = "<group>"; };
		B35FC01320AD4F04006BCBD8 /* main.m */ = {isa = PBXFileReference; lastKnownFileType = sourcecode.c.objc; path = main.m; sourceTree = "<group>"; };
		B35FC01E20AD4F17006BCBD8 /* BaseViewController.m */ = {isa = PBXFileReference; fileEncoding = 4; lastKnownFileType = sourcecode.c.objc; path = BaseViewController.m; sourceTree = "<group>"; };
		B35FC01F20AD4F17006BCBD8 /* BaseViewController.h */ = {isa = PBXFileReference; fileEncoding = 4; lastKnownFileType = sourcecode.c.h; path = BaseViewController.h; sourceTree = "<group>"; };
		B35FC02220AD4F17006BCBD8 /* TF_TitleView.m */ = {isa = PBXFileReference; fileEncoding = 4; lastKnownFileType = sourcecode.c.objc; path = TF_TitleView.m; sourceTree = "<group>"; };
		B35FC02320AD4F17006BCBD8 /* TF_TitleView.h */ = {isa = PBXFileReference; fileEncoding = 4; lastKnownFileType = sourcecode.c.h; path = TF_TitleView.h; sourceTree = "<group>"; };
		B35FC02720AD4F21006BCBD8 /* PrefixHeader.pch */ = {isa = PBXFileReference; fileEncoding = 4; lastKnownFileType = sourcecode.c.h; path = PrefixHeader.pch; sourceTree = "<group>"; };
		B35FC02A20AD4F28006BCBD8 /* MJPropertyKey.h */ = {isa = PBXFileReference; fileEncoding = 4; lastKnownFileType = sourcecode.c.h; path = MJPropertyKey.h; sourceTree = "<group>"; };
		B35FC02B20AD4F28006BCBD8 /* NSObject+MJClass.h */ = {isa = PBXFileReference; fileEncoding = 4; lastKnownFileType = sourcecode.c.h; path = "NSObject+MJClass.h"; sourceTree = "<group>"; };
		B35FC02C20AD4F28006BCBD8 /* NSString+MJExtension.h */ = {isa = PBXFileReference; fileEncoding = 4; lastKnownFileType = sourcecode.c.h; path = "NSString+MJExtension.h"; sourceTree = "<group>"; };
		B35FC02D20AD4F28006BCBD8 /* MJPropertyType.m */ = {isa = PBXFileReference; fileEncoding = 4; lastKnownFileType = sourcecode.c.objc; path = MJPropertyType.m; sourceTree = "<group>"; };
		B35FC02E20AD4F28006BCBD8 /* NSObject+MJProperty.h */ = {isa = PBXFileReference; fileEncoding = 4; lastKnownFileType = sourcecode.c.h; path = "NSObject+MJProperty.h"; sourceTree = "<group>"; };
		B35FC02F20AD4F28006BCBD8 /* MJExtensionConst.h */ = {isa = PBXFileReference; fileEncoding = 4; lastKnownFileType = sourcecode.c.h; path = MJExtensionConst.h; sourceTree = "<group>"; };
		B35FC03020AD4F28006BCBD8 /* NSObject+MJKeyValue.m */ = {isa = PBXFileReference; fileEncoding = 4; lastKnownFileType = sourcecode.c.objc; path = "NSObject+MJKeyValue.m"; sourceTree = "<group>"; };
		B35FC03120AD4F28006BCBD8 /* MJProperty.m */ = {isa = PBXFileReference; fileEncoding = 4; lastKnownFileType = sourcecode.c.objc; path = MJProperty.m; sourceTree = "<group>"; };
		B35FC03220AD4F28006BCBD8 /* MJFoundation.h */ = {isa = PBXFileReference; fileEncoding = 4; lastKnownFileType = sourcecode.c.h; path = MJFoundation.h; sourceTree = "<group>"; };
		B35FC03320AD4F28006BCBD8 /* NSObject+MJCoding.m */ = {isa = PBXFileReference; fileEncoding = 4; lastKnownFileType = sourcecode.c.objc; path = "NSObject+MJCoding.m"; sourceTree = "<group>"; };
		B35FC03420AD4F28006BCBD8 /* MJExtension.h */ = {isa = PBXFileReference; fileEncoding = 4; lastKnownFileType = sourcecode.c.h; path = MJExtension.h; sourceTree = "<group>"; };
		B35FC03520AD4F28006BCBD8 /* MJExtensionConst.m */ = {isa = PBXFileReference; fileEncoding = 4; lastKnownFileType = sourcecode.c.objc; path = MJExtensionConst.m; sourceTree = "<group>"; };
		B35FC03620AD4F28006BCBD8 /* NSObject+MJProperty.m */ = {isa = PBXFileReference; fileEncoding = 4; lastKnownFileType = sourcecode.c.objc; path = "NSObject+MJProperty.m"; sourceTree = "<group>"; };
		B35FC03720AD4F28006BCBD8 /* MJPropertyType.h */ = {isa = PBXFileReference; fileEncoding = 4; lastKnownFileType = sourcecode.c.h; path = MJPropertyType.h; sourceTree = "<group>"; };
		B35FC03820AD4F28006BCBD8 /* NSObject+MJClass.m */ = {isa = PBXFileReference; fileEncoding = 4; lastKnownFileType = sourcecode.c.objc; path = "NSObject+MJClass.m"; sourceTree = "<group>"; };
		B35FC03920AD4F28006BCBD8 /* NSString+MJExtension.m */ = {isa = PBXFileReference; fileEncoding = 4; lastKnownFileType = sourcecode.c.objc; path = "NSString+MJExtension.m"; sourceTree = "<group>"; };
		B35FC03A20AD4F28006BCBD8 /* MJPropertyKey.m */ = {isa = PBXFileReference; fileEncoding = 4; lastKnownFileType = sourcecode.c.objc; path = MJPropertyKey.m; sourceTree = "<group>"; };
		B35FC03B20AD4F28006BCBD8 /* MJProperty.h */ = {isa = PBXFileReference; fileEncoding = 4; lastKnownFileType = sourcecode.c.h; path = MJProperty.h; sourceTree = "<group>"; };
		B35FC03C20AD4F28006BCBD8 /* NSObject+MJKeyValue.h */ = {isa = PBXFileReference; fileEncoding = 4; lastKnownFileType = sourcecode.c.h; path = "NSObject+MJKeyValue.h"; sourceTree = "<group>"; };
		B35FC03D20AD4F28006BCBD8 /* NSObject+MJCoding.h */ = {isa = PBXFileReference; fileEncoding = 4; lastKnownFileType = sourcecode.c.h; path = "NSObject+MJCoding.h"; sourceTree = "<group>"; };
		B35FC03E20AD4F28006BCBD8 /* MJFoundation.m */ = {isa = PBXFileReference; fileEncoding = 4; lastKnownFileType = sourcecode.c.objc; path = MJFoundation.m; sourceTree = "<group>"; };
		B35FC04020AD4F28006BCBD8 /* UIScrollView+MJRefresh.m */ = {isa = PBXFileReference; fileEncoding = 4; lastKnownFileType = sourcecode.c.objc; path = "UIScrollView+MJRefresh.m"; sourceTree = "<group>"; };
		B35FC04120AD4F28006BCBD8 /* MJRefreshConst.m */ = {isa = PBXFileReference; fileEncoding = 4; lastKnownFileType = sourcecode.c.objc; path = MJRefreshConst.m; sourceTree = "<group>"; };
		B35FC04220AD4F28006BCBD8 /* UIScrollView+MJExtension.h */ = {isa = PBXFileReference; fileEncoding = 4; lastKnownFileType = sourcecode.c.h; path = "UIScrollView+MJExtension.h"; sourceTree = "<group>"; };
		B35FC04320AD4F28006BCBD8 /* MJRefresh.h */ = {isa = PBXFileReference; fileEncoding = 4; lastKnownFileType = sourcecode.c.h; path = MJRefresh.h; sourceTree = "<group>"; };
		B35FC04420AD4F28006BCBD8 /* NSBundle+MJRefresh.h */ = {isa = PBXFileReference; fileEncoding = 4; lastKnownFileType = sourcecode.c.h; path = "NSBundle+MJRefresh.h"; sourceTree = "<group>"; };
		B35FC04520AD4F28006BCBD8 /* MJRefresh.bundle */ = {isa = PBXFileReference; lastKnownFileType = "wrapper.plug-in"; path = MJRefresh.bundle; sourceTree = "<group>"; };
		B35FC04620AD4F28006BCBD8 /* UIView+MJExtension.h */ = {isa = PBXFileReference; fileEncoding = 4; lastKnownFileType = sourcecode.c.h; path = "UIView+MJExtension.h"; sourceTree = "<group>"; };
		B35FC04720AD4F28006BCBD8 /* UIScrollView+MJExtension.m */ = {isa = PBXFileReference; fileEncoding = 4; lastKnownFileType = sourcecode.c.objc; path = "UIScrollView+MJExtension.m"; sourceTree = "<group>"; };
		B35FC04820AD4F28006BCBD8 /* MJRefreshConst.h */ = {isa = PBXFileReference; fileEncoding = 4; lastKnownFileType = sourcecode.c.h; path = MJRefreshConst.h; sourceTree = "<group>"; };
		B35FC04920AD4F28006BCBD8 /* UIScrollView+MJRefresh.h */ = {isa = PBXFileReference; fileEncoding = 4; lastKnownFileType = sourcecode.c.h; path = "UIScrollView+MJRefresh.h"; sourceTree = "<group>"; };
		B35FC04A20AD4F28006BCBD8 /* NSBundle+MJRefresh.m */ = {isa = PBXFileReference; fileEncoding = 4; lastKnownFileType = sourcecode.c.objc; path = "NSBundle+MJRefresh.m"; sourceTree = "<group>"; };
		B35FC04B20AD4F28006BCBD8 /* UIView+MJExtension.m */ = {isa = PBXFileReference; fileEncoding = 4; lastKnownFileType = sourcecode.c.objc; path = "UIView+MJExtension.m"; sourceTree = "<group>"; };
		B35FC04F20AD4F28006BCBD8 /* MJRefreshBackGifFooter.h */ = {isa = PBXFileReference; fileEncoding = 4; lastKnownFileType = sourcecode.c.h; path = MJRefreshBackGifFooter.h; sourceTree = "<group>"; };
		B35FC05020AD4F28006BCBD8 /* MJRefreshBackStateFooter.h */ = {isa = PBXFileReference; fileEncoding = 4; lastKnownFileType = sourcecode.c.h; path = MJRefreshBackStateFooter.h; sourceTree = "<group>"; };
		B35FC05120AD4F28006BCBD8 /* MJRefreshBackNormalFooter.h */ = {isa = PBXFileReference; fileEncoding = 4; lastKnownFileType = sourcecode.c.h; path = MJRefreshBackNormalFooter.h; sourceTree = "<group>"; };
		B35FC05220AD4F28006BCBD8 /* MJRefreshBackGifFooter.m */ = {isa = PBXFileReference; fileEncoding = 4; lastKnownFileType = sourcecode.c.objc; path = MJRefreshBackGifFooter.m; sourceTree = "<group>"; };
		B35FC05320AD4F28006BCBD8 /* MJRefreshBackStateFooter.m */ = {isa = PBXFileReference; fileEncoding = 4; lastKnownFileType = sourcecode.c.objc; path = MJRefreshBackStateFooter.m; sourceTree = "<group>"; };
		B35FC05420AD4F28006BCBD8 /* MJRefreshBackNormalFooter.m */ = {isa = PBXFileReference; fileEncoding = 4; lastKnownFileType = sourcecode.c.objc; path = MJRefreshBackNormalFooter.m; sourceTree = "<group>"; };
		B35FC05620AD4F28006BCBD8 /* MJRefreshAutoStateFooter.h */ = {isa = PBXFileReference; fileEncoding = 4; lastKnownFileType = sourcecode.c.h; path = MJRefreshAutoStateFooter.h; sourceTree = "<group>"; };
		B35FC05720AD4F28006BCBD8 /* MJRefreshAutoNormalFooter.h */ = {isa = PBXFileReference; fileEncoding = 4; lastKnownFileType = sourcecode.c.h; path = MJRefreshAutoNormalFooter.h; sourceTree = "<group>"; };
		B35FC05820AD4F28006BCBD8 /* MJRefreshAutoGifFooter.h */ = {isa = PBXFileReference; fileEncoding = 4; lastKnownFileType = sourcecode.c.h; path = MJRefreshAutoGifFooter.h; sourceTree = "<group>"; };
		B35FC05920AD4F28006BCBD8 /* MJRefreshAutoStateFooter.m */ = {isa = PBXFileReference; fileEncoding = 4; lastKnownFileType = sourcecode.c.objc; path = MJRefreshAutoStateFooter.m; sourceTree = "<group>"; };
		B35FC05A20AD4F28006BCBD8 /* MJRefreshAutoGifFooter.m */ = {isa = PBXFileReference; fileEncoding = 4; lastKnownFileType = sourcecode.c.objc; path = MJRefreshAutoGifFooter.m; sourceTree = "<group>"; };
		B35FC05B20AD4F28006BCBD8 /* MJRefreshAutoNormalFooter.m */ = {isa = PBXFileReference; fileEncoding = 4; lastKnownFileType = sourcecode.c.objc; path = MJRefreshAutoNormalFooter.m; sourceTree = "<group>"; };
		B35FC05D20AD4F28006BCBD8 /* MJRefreshNormalHeader.m */ = {isa = PBXFileReference; fileEncoding = 4; lastKnownFileType = sourcecode.c.objc; path = MJRefreshNormalHeader.m; sourceTree = "<group>"; };
		B35FC05E20AD4F28006BCBD8 /* MJRefreshStateHeader.h */ = {isa = PBXFileReference; fileEncoding = 4; lastKnownFileType = sourcecode.c.h; path = MJRefreshStateHeader.h; sourceTree = "<group>"; };
		B35FC05F20AD4F28006BCBD8 /* MJRefreshGifHeader.h */ = {isa = PBXFileReference; fileEncoding = 4; lastKnownFileType = sourcecode.c.h; path = MJRefreshGifHeader.h; sourceTree = "<group>"; };
		B35FC06020AD4F28006BCBD8 /* MJRefreshNormalHeader.h */ = {isa = PBXFileReference; fileEncoding = 4; lastKnownFileType = sourcecode.c.h; path = MJRefreshNormalHeader.h; sourceTree = "<group>"; };
		B35FC06120AD4F28006BCBD8 /* MJRefreshStateHeader.m */ = {isa = PBXFileReference; fileEncoding = 4; lastKnownFileType = sourcecode.c.objc; path = MJRefreshStateHeader.m; sourceTree = "<group>"; };
		B35FC06220AD4F28006BCBD8 /* MJRefreshGifHeader.m */ = {isa = PBXFileReference; fileEncoding = 4; lastKnownFileType = sourcecode.c.objc; path = MJRefreshGifHeader.m; sourceTree = "<group>"; };
		B35FC06420AD4F28006BCBD8 /* MJRefreshFooter.m */ = {isa = PBXFileReference; fileEncoding = 4; lastKnownFileType = sourcecode.c.objc; path = MJRefreshFooter.m; sourceTree = "<group>"; };
		B35FC06520AD4F28006BCBD8 /* MJRefreshComponent.h */ = {isa = PBXFileReference; fileEncoding = 4; lastKnownFileType = sourcecode.c.h; path = MJRefreshComponent.h; sourceTree = "<group>"; };
		B35FC06620AD4F28006BCBD8 /* MJRefreshHeader.m */ = {isa = PBXFileReference; fileEncoding = 4; lastKnownFileType = sourcecode.c.objc; path = MJRefreshHeader.m; sourceTree = "<group>"; };
		B35FC06720AD4F28006BCBD8 /* MJRefreshAutoFooter.h */ = {isa = PBXFileReference; fileEncoding = 4; lastKnownFileType = sourcecode.c.h; path = MJRefreshAutoFooter.h; sourceTree = "<group>"; };
		B35FC06820AD4F28006BCBD8 /* MJRefreshBackFooter.m */ = {isa = PBXFileReference; fileEncoding = 4; lastKnownFileType = sourcecode.c.objc; path = MJRefreshBackFooter.m; sourceTree = "<group>"; };
		B35FC06920AD4F28006BCBD8 /* MJRefreshAutoFooter.m */ = {isa = PBXFileReference; fileEncoding = 4; lastKnownFileType = sourcecode.c.objc; path = MJRefreshAutoFooter.m; sourceTree = "<group>"; };
		B35FC06A20AD4F28006BCBD8 /* MJRefreshHeader.h */ = {isa = PBXFileReference; fileEncoding = 4; lastKnownFileType = sourcecode.c.h; path = MJRefreshHeader.h; sourceTree = "<group>"; };
		B35FC06B20AD4F28006BCBD8 /* MJRefreshComponent.m */ = {isa = PBXFileReference; fileEncoding = 4; lastKnownFileType = sourcecode.c.objc; path = MJRefreshComponent.m; sourceTree = "<group>"; };
		B35FC06C20AD4F28006BCBD8 /* MJRefreshFooter.h */ = {isa = PBXFileReference; fileEncoding = 4; lastKnownFileType = sourcecode.c.h; path = MJRefreshFooter.h; sourceTree = "<group>"; };
		B35FC06D20AD4F28006BCBD8 /* MJRefreshBackFooter.h */ = {isa = PBXFileReference; fileEncoding = 4; lastKnownFileType = sourcecode.c.h; path = MJRefreshBackFooter.h; sourceTree = "<group>"; };
		B35FC07420AD4F28006BCBD8 /* AFSecurityPolicy.h */ = {isa = PBXFileReference; fileEncoding = 4; lastKnownFileType = sourcecode.c.h; path = AFSecurityPolicy.h; sourceTree = "<group>"; };
		B35FC07520AD4F28006BCBD8 /* AFNetworkReachabilityManager.h */ = {isa = PBXFileReference; fileEncoding = 4; lastKnownFileType = sourcecode.c.h; path = AFNetworkReachabilityManager.h; sourceTree = "<group>"; };
		B35FC07620AD4F28006BCBD8 /* AFHTTPRequestOperation.h */ = {isa = PBXFileReference; fileEncoding = 4; lastKnownFileType = sourcecode.c.h; path = AFHTTPRequestOperation.h; sourceTree = "<group>"; };
		B35FC07720AD4F28006BCBD8 /* AFHTTPRequestOperationManager.h */ = {isa = PBXFileReference; fileEncoding = 4; lastKnownFileType = sourcecode.c.h; path = AFHTTPRequestOperationManager.h; sourceTree = "<group>"; };
		B35FC07820AD4F28006BCBD8 /* AFURLSessionManager.h */ = {isa = PBXFileReference; fileEncoding = 4; lastKnownFileType = sourcecode.c.h; path = AFURLSessionManager.h; sourceTree = "<group>"; };
		B35FC07920AD4F28006BCBD8 /* AFURLRequestSerialization.h */ = {isa = PBXFileReference; fileEncoding = 4; lastKnownFileType = sourcecode.c.h; path = AFURLRequestSerialization.h; sourceTree = "<group>"; };
		B35FC07A20AD4F28006BCBD8 /* AFURLConnectionOperation.h */ = {isa = PBXFileReference; fileEncoding = 4; lastKnownFileType = sourcecode.c.h; path = AFURLConnectionOperation.h; sourceTree = "<group>"; };
		B35FC07B20AD4F28006BCBD8 /* AFURLResponseSerialization.m */ = {isa = PBXFileReference; fileEncoding = 4; lastKnownFileType = sourcecode.c.objc; path = AFURLResponseSerialization.m; sourceTree = "<group>"; };
		B35FC07C20AD4F28006BCBD8 /* AFHTTPSessionManager.m */ = {isa = PBXFileReference; fileEncoding = 4; lastKnownFileType = sourcecode.c.objc; path = AFHTTPSessionManager.m; sourceTree = "<group>"; };
		B35FC07D20AD4F28006BCBD8 /* AFURLConnectionOperation.m */ = {isa = PBXFileReference; fileEncoding = 4; lastKnownFileType = sourcecode.c.objc; path = AFURLConnectionOperation.m; sourceTree = "<group>"; };
		B35FC07E20AD4F28006BCBD8 /* AFURLResponseSerialization.h */ = {isa = PBXFileReference; fileEncoding = 4; lastKnownFileType = sourcecode.c.h; path = AFURLResponseSerialization.h; sourceTree = "<group>"; };
		B35FC07F20AD4F28006BCBD8 /* AFURLSessionManager.m */ = {isa = PBXFileReference; fileEncoding = 4; lastKnownFileType = sourcecode.c.objc; path = AFURLSessionManager.m; sourceTree = "<group>"; };
		B35FC08020AD4F28006BCBD8 /* AFHTTPRequestOperationManager.m */ = {isa = PBXFileReference; fileEncoding = 4; lastKnownFileType = sourcecode.c.objc; path = AFHTTPRequestOperationManager.m; sourceTree = "<group>"; };
		B35FC08120AD4F28006BCBD8 /* AFURLRequestSerialization.m */ = {isa = PBXFileReference; fileEncoding = 4; lastKnownFileType = sourcecode.c.objc; path = AFURLRequestSerialization.m; sourceTree = "<group>"; };
		B35FC08220AD4F28006BCBD8 /* AFHTTPRequestOperation.m */ = {isa = PBXFileReference; fileEncoding = 4; lastKnownFileType = sourcecode.c.objc; path = AFHTTPRequestOperation.m; sourceTree = "<group>"; };
		B35FC08320AD4F28006BCBD8 /* AFNetworking.h */ = {isa = PBXFileReference; fileEncoding = 4; lastKnownFileType = sourcecode.c.h; path = AFNetworking.h; sourceTree = "<group>"; };
		B35FC08420AD4F28006BCBD8 /* AFNetworkReachabilityManager.m */ = {isa = PBXFileReference; fileEncoding = 4; lastKnownFileType = sourcecode.c.objc; path = AFNetworkReachabilityManager.m; sourceTree = "<group>"; };
		B35FC08520AD4F28006BCBD8 /* AFSecurityPolicy.m */ = {isa = PBXFileReference; fileEncoding = 4; lastKnownFileType = sourcecode.c.objc; path = AFSecurityPolicy.m; sourceTree = "<group>"; };
		B35FC08620AD4F28006BCBD8 /* AFHTTPSessionManager.h */ = {isa = PBXFileReference; fileEncoding = 4; lastKnownFileType = sourcecode.c.h; path = AFHTTPSessionManager.h; sourceTree = "<group>"; };
		B35FC08820AD4F28006BCBD8 /* MBProgressHUD.m */ = {isa = PBXFileReference; fileEncoding = 4; lastKnownFileType = sourcecode.c.objc; path = MBProgressHUD.m; sourceTree = "<group>"; };
		B35FC08920AD4F28006BCBD8 /* MBProgressHUD.h */ = {isa = PBXFileReference; fileEncoding = 4; lastKnownFileType = sourcecode.c.h; path = MBProgressHUD.h; sourceTree = "<group>"; };
		B35FC08B20AD4F28006BCBD8 /* UIImageView+WebCache.h */ = {isa = PBXFileReference; fileEncoding = 4; lastKnownFileType = sourcecode.c.h; path = "UIImageView+WebCache.h"; sourceTree = "<group>"; };
		B35FC08C20AD4F28006BCBD8 /* NSData+ImageContentType.h */ = {isa = PBXFileReference; fileEncoding = 4; lastKnownFileType = sourcecode.c.h; path = "NSData+ImageContentType.h"; sourceTree = "<group>"; };
		B35FC08D20AD4F28006BCBD8 /* SDWebImageManager.m */ = {isa = PBXFileReference; fileEncoding = 4; lastKnownFileType = sourcecode.c.objc; path = SDWebImageManager.m; sourceTree = "<group>"; };
		B35FC08E20AD4F28006BCBD8 /* SDWebImageDecoder.m */ = {isa = PBXFileReference; fileEncoding = 4; lastKnownFileType = sourcecode.c.objc; path = SDWebImageDecoder.m; sourceTree = "<group>"; };
		B35FC08F20AD4F28006BCBD8 /* SDWebImageDownloaderOperation.h */ = {isa = PBXFileReference; fileEncoding = 4; lastKnownFileType = sourcecode.c.h; path = SDWebImageDownloaderOperation.h; sourceTree = "<group>"; };
		B35FC09020AD4F28006BCBD8 /* UIImageView+HighlightedWebCache.m */ = {isa = PBXFileReference; fileEncoding = 4; lastKnownFileType = sourcecode.c.objc; path = "UIImageView+HighlightedWebCache.m"; sourceTree = "<group>"; };
		B35FC09120AD4F28006BCBD8 /* SDImageCache.h */ = {isa = PBXFileReference; fileEncoding = 4; lastKnownFileType = sourcecode.c.h; path = SDImageCache.h; sourceTree = "<group>"; };
		B35FC09220AD4F28006BCBD8 /* SDWebImageDownloader.m */ = {isa = PBXFileReference; fileEncoding = 4; lastKnownFileType = sourcecode.c.objc; path = SDWebImageDownloader.m; sourceTree = "<group>"; };
		B35FC09320AD4F28006BCBD8 /* UIImage+GIF.m */ = {isa = PBXFileReference; fileEncoding = 4; lastKnownFileType = sourcecode.c.objc; path = "UIImage+GIF.m"; sourceTree = "<group>"; };
		B35FC09420AD4F28006BCBD8 /* UIButton+WebCache.h */ = {isa = PBXFileReference; fileEncoding = 4; lastKnownFileType = sourcecode.c.h; path = "UIButton+WebCache.h"; sourceTree = "<group>"; };
		B35FC09520AD4F28006BCBD8 /* UIImage+MultiFormat.m */ = {isa = PBXFileReference; fileEncoding = 4; lastKnownFileType = sourcecode.c.objc; path = "UIImage+MultiFormat.m"; sourceTree = "<group>"; };
		B35FC09620AD4F28006BCBD8 /* SDWebImageCompat.m */ = {isa = PBXFileReference; fileEncoding = 4; lastKnownFileType = sourcecode.c.objc; path = SDWebImageCompat.m; sourceTree = "<group>"; };
		B35FC09720AD4F28006BCBD8 /* SDWebImagePrefetcher.m */ = {isa = PBXFileReference; fileEncoding = 4; lastKnownFileType = sourcecode.c.objc; path = SDWebImagePrefetcher.m; sourceTree = "<group>"; };
		B35FC09820AD4F28006BCBD8 /* UIView+WebCacheOperation.h */ = {isa = PBXFileReference; fileEncoding = 4; lastKnownFileType = sourcecode.c.h; path = "UIView+WebCacheOperation.h"; sourceTree = "<group>"; };
		B35FC09920AD4F28006BCBD8 /* SDImageCache.m */ = {isa = PBXFileReference; fileEncoding = 4; lastKnownFileType = sourcecode.c.objc; path = SDImageCache.m; sourceTree = "<group>"; };
		B35FC09A20AD4F28006BCBD8 /* UIImageView+HighlightedWebCache.h */ = {isa = PBXFileReference; fileEncoding = 4; lastKnownFileType = sourcecode.c.h; path = "UIImageView+HighlightedWebCache.h"; sourceTree = "<group>"; };
		B35FC09B20AD4F28006BCBD8 /* SDWebImageDownloaderOperation.m */ = {isa = PBXFileReference; fileEncoding = 4; lastKnownFileType = sourcecode.c.objc; path = SDWebImageDownloaderOperation.m; sourceTree = "<group>"; };
		B35FC09C20AD4F28006BCBD8 /* SDWebImageDecoder.h */ = {isa = PBXFileReference; fileEncoding = 4; lastKnownFileType = sourcecode.c.h; path = SDWebImageDecoder.h; sourceTree = "<group>"; };
		B35FC09D20AD4F28006BCBD8 /* SDWebImageManager.h */ = {isa = PBXFileReference; fileEncoding = 4; lastKnownFileType = sourcecode.c.h; path = SDWebImageManager.h; sourceTree = "<group>"; };
		B35FC09E20AD4F28006BCBD8 /* NSData+ImageContentType.m */ = {isa = PBXFileReference; fileEncoding = 4; lastKnownFileType = sourcecode.c.objc; path = "NSData+ImageContentType.m"; sourceTree = "<group>"; };
		B35FC09F20AD4F28006BCBD8 /* UIImageView+WebCache.m */ = {isa = PBXFileReference; fileEncoding = 4; lastKnownFileType = sourcecode.c.objc; path = "UIImageView+WebCache.m"; sourceTree = "<group>"; };
		B35FC0A020AD4F28006BCBD8 /* SDWebImageOperation.h */ = {isa = PBXFileReference; fileEncoding = 4; lastKnownFileType = sourcecode.c.h; path = SDWebImageOperation.h; sourceTree = "<group>"; };
		B35FC0A120AD4F28006BCBD8 /* SDWebImageDownloader.h */ = {isa = PBXFileReference; fileEncoding = 4; lastKnownFileType = sourcecode.c.h; path = SDWebImageDownloader.h; sourceTree = "<group>"; };
		B35FC0A220AD4F28006BCBD8 /* UIView+WebCacheOperation.m */ = {isa = PBXFileReference; fileEncoding = 4; lastKnownFileType = sourcecode.c.objc; path = "UIView+WebCacheOperation.m"; sourceTree = "<group>"; };
		B35FC0A320AD4F28006BCBD8 /* SDWebImagePrefetcher.h */ = {isa = PBXFileReference; fileEncoding = 4; lastKnownFileType = sourcecode.c.h; path = SDWebImagePrefetcher.h; sourceTree = "<group>"; };
		B35FC0A420AD4F28006BCBD8 /* SDWebImageCompat.h */ = {isa = PBXFileReference; fileEncoding = 4; lastKnownFileType = sourcecode.c.h; path = SDWebImageCompat.h; sourceTree = "<group>"; };
		B35FC0A520AD4F28006BCBD8 /* UIImage+MultiFormat.h */ = {isa = PBXFileReference; fileEncoding = 4; lastKnownFileType = sourcecode.c.h; path = "UIImage+MultiFormat.h"; sourceTree = "<group>"; };
		B35FC0A620AD4F28006BCBD8 /* UIButton+WebCache.m */ = {isa = PBXFileReference; fileEncoding = 4; lastKnownFileType = sourcecode.c.objc; path = "UIButton+WebCache.m"; sourceTree = "<group>"; };
		B35FC0A720AD4F28006BCBD8 /* UIImage+GIF.h */ = {isa = PBXFileReference; fileEncoding = 4; lastKnownFileType = sourcecode.c.h; path = "UIImage+GIF.h"; sourceTree = "<group>"; };
		B35FC0AA20AD4F28006BCBD8 /* JSONValueTransformer.m */ = {isa = PBXFileReference; fileEncoding = 4; lastKnownFileType = sourcecode.c.objc; path = JSONValueTransformer.m; sourceTree = "<group>"; };
		B35FC0AB20AD4F28006BCBD8 /* JSONKeyMapper.h */ = {isa = PBXFileReference; fileEncoding = 4; lastKnownFileType = sourcecode.c.h; path = JSONKeyMapper.h; sourceTree = "<group>"; };
		B35FC0AC20AD4F28006BCBD8 /* JSONValueTransformer.h */ = {isa = PBXFileReference; fileEncoding = 4; lastKnownFileType = sourcecode.c.h; path = JSONValueTransformer.h; sourceTree = "<group>"; };
		B35FC0AD20AD4F28006BCBD8 /* JSONKeyMapper.m */ = {isa = PBXFileReference; fileEncoding = 4; lastKnownFileType = sourcecode.c.objc; path = JSONKeyMapper.m; sourceTree = "<group>"; };
		B35FC0AE20AD4F28006BCBD8 /* module.modulemap */ = {isa = PBXFileReference; fileEncoding = 4; lastKnownFileType = "sourcecode.module-map"; path = module.modulemap; sourceTree = "<group>"; };
		B35FC0B020AD4F28006BCBD8 /* JSONModel.m */ = {isa = PBXFileReference; fileEncoding = 4; lastKnownFileType = sourcecode.c.objc; path = JSONModel.m; sourceTree = "<group>"; };
		B35FC0B120AD4F28006BCBD8 /* JSONModelError.m */ = {isa = PBXFileReference; fileEncoding = 4; lastKnownFileType = sourcecode.c.objc; path = JSONModelError.m; sourceTree = "<group>"; };
		B35FC0B220AD4F28006BCBD8 /* JSONModelClassProperty.h */ = {isa = PBXFileReference; fileEncoding = 4; lastKnownFileType = sourcecode.c.h; path = JSONModelClassProperty.h; sourceTree = "<group>"; };
		B35FC0B320AD4F28006BCBD8 /* JSONModel.h */ = {isa = PBXFileReference; fileEncoding = 4; lastKnownFileType = sourcecode.c.h; path = JSONModel.h; sourceTree = "<group>"; };
		B35FC0B420AD4F28006BCBD8 /* JSONModelClassProperty.m */ = {isa = PBXFileReference; fileEncoding = 4; lastKnownFileType = sourcecode.c.objc; path = JSONModelClassProperty.m; sourceTree = "<group>"; };
		B35FC0B520AD4F28006BCBD8 /* JSONModelError.h */ = {isa = PBXFileReference; fileEncoding = 4; lastKnownFileType = sourcecode.c.h; path = JSONModelError.h; sourceTree = "<group>"; };
		B35FC0B620AD4F28006BCBD8 /* JSONModelLib.h */ = {isa = PBXFileReference; fileEncoding = 4; lastKnownFileType = sourcecode.c.h; path = JSONModelLib.h; sourceTree = "<group>"; };
		B35FC0B820AD4F28006BCBD8 /* JSONHTTPClient.m */ = {isa = PBXFileReference; fileEncoding = 4; lastKnownFileType = sourcecode.c.objc; path = JSONHTTPClient.m; sourceTree = "<group>"; };
		B35FC0B920AD4F28006BCBD8 /* JSONAPI.m */ = {isa = PBXFileReference; fileEncoding = 4; lastKnownFileType = sourcecode.c.objc; path = JSONAPI.m; sourceTree = "<group>"; };
		B35FC0BA20AD4F28006BCBD8 /* JSONModel+networking.h */ = {isa = PBXFileReference; fileEncoding = 4; lastKnownFileType = sourcecode.c.h; path = "JSONModel+networking.h"; sourceTree = "<group>"; };
		B35FC0BB20AD4F28006BCBD8 /* JSONHTTPClient.h */ = {isa = PBXFileReference; fileEncoding = 4; lastKnownFileType = sourcecode.c.h; path = JSONHTTPClient.h; sourceTree = "<group>"; };
		B35FC0BC20AD4F28006BCBD8 /* JSONAPI.h */ = {isa = PBXFileReference; fileEncoding = 4; lastKnownFileType = sourcecode.c.h; path = JSONAPI.h; sourceTree = "<group>"; };
		B35FC0BD20AD4F28006BCBD8 /* JSONModel+networking.m */ = {isa = PBXFileReference; fileEncoding = 4; lastKnownFileType = sourcecode.c.objc; path = "JSONModel+networking.m"; sourceTree = "<group>"; };
		B35FC0BF20AD4F28006BCBD8 /* DateTools.bundle */ = {isa = PBXFileReference; lastKnownFileType = "wrapper.plug-in"; path = DateTools.bundle; sourceTree = "<group>"; };
		B35FC0C020AD4F28006BCBD8 /* DTTimePeriod.m */ = {isa = PBXFileReference; fileEncoding = 4; lastKnownFileType = sourcecode.c.objc; path = DTTimePeriod.m; sourceTree = "<group>"; };
		B35FC0C120AD4F28006BCBD8 /* DTError.h */ = {isa = PBXFileReference; fileEncoding = 4; lastKnownFileType = sourcecode.c.h; path = DTError.h; sourceTree = "<group>"; };
		B35FC0C220AD4F28006BCBD8 /* DTConstants.h */ = {isa = PBXFileReference; fileEncoding = 4; lastKnownFileType = sourcecode.c.h; path = DTConstants.h; sourceTree = "<group>"; };
		B35FC0C320AD4F28006BCBD8 /* NSDate+DateTools.m */ = {isa = PBXFileReference; fileEncoding = 4; lastKnownFileType = sourcecode.c.objc; path = "NSDate+DateTools.m"; sourceTree = "<group>"; };
		B35FC0C420AD4F28006BCBD8 /* DTTimePeriodChain.h */ = {isa = PBXFileReference; fileEncoding = 4; lastKnownFileType = sourcecode.c.h; path = DTTimePeriodChain.h; sourceTree = "<group>"; };
		B35FC0C520AD4F28006BCBD8 /* DTTimePeriodGroup.m */ = {isa = PBXFileReference; fileEncoding = 4; lastKnownFileType = sourcecode.c.objc; path = DTTimePeriodGroup.m; sourceTree = "<group>"; };
		B35FC0C620AD4F28006BCBD8 /* DTTimePeriodCollection.h */ = {isa = PBXFileReference; fileEncoding = 4; lastKnownFileType = sourcecode.c.h; path = DTTimePeriodCollection.h; sourceTree = "<group>"; };
		B35FC0C720AD4F28006BCBD8 /* DateTools.h */ = {isa = PBXFileReference; fileEncoding = 4; lastKnownFileType = sourcecode.c.h; path = DateTools.h; sourceTree = "<group>"; };
		B35FC0C820AD4F28006BCBD8 /* DTTimePeriod.h */ = {isa = PBXFileReference; fileEncoding = 4; lastKnownFileType = sourcecode.c.h; path = DTTimePeriod.h; sourceTree = "<group>"; };
		B35FC0C920AD4F28006BCBD8 /* DTConstants.m */ = {isa = PBXFileReference; fileEncoding = 4; lastKnownFileType = sourcecode.c.objc; path = DTConstants.m; sourceTree = "<group>"; };
		B35FC0CA20AD4F28006BCBD8 /* DTError.m */ = {isa = PBXFileReference; fileEncoding = 4; lastKnownFileType = sourcecode.c.objc; path = DTError.m; sourceTree = "<group>"; };
		B35FC0CB20AD4F28006BCBD8 /* DTTimePeriodCollection.m */ = {isa = PBXFileReference; fileEncoding = 4; lastKnownFileType = sourcecode.c.objc; path = DTTimePeriodCollection.m; sourceTree = "<group>"; };
		B35FC0CC20AD4F28006BCBD8 /* DTTimePeriodGroup.h */ = {isa = PBXFileReference; fileEncoding = 4; lastKnownFileType = sourcecode.c.h; path = DTTimePeriodGroup.h; sourceTree = "<group>"; };
		B35FC0CD20AD4F28006BCBD8 /* DTTimePeriodChain.m */ = {isa = PBXFileReference; fileEncoding = 4; lastKnownFileType = sourcecode.c.objc; path = DTTimePeriodChain.m; sourceTree = "<group>"; };
		B35FC0CE20AD4F28006BCBD8 /* NSDate+DateTools.h */ = {isa = PBXFileReference; fileEncoding = 4; lastKnownFileType = sourcecode.c.h; path = "NSDate+DateTools.h"; sourceTree = "<group>"; };
		B35FC12720AD5292006BCBD8 /* zh-Hans */ = {isa = PBXFileReference; lastKnownFileType = text.plist.strings; name = "zh-Hans"; path = "zh-Hans.lproj/InfoPlist.strings"; sourceTree = "<group>"; };
		B35FC12920AD5294006BCBD8 /* en */ = {isa = PBXFileReference; lastKnownFileType = text.plist.strings; name = en; path = en.lproj/InfoPlist.strings; sourceTree = "<group>"; };
		B35FC12A20AD5295006BCBD8 /* ko */ = {isa = PBXFileReference; lastKnownFileType = text.plist.strings; name = ko; path = ko.lproj/InfoPlist.strings; sourceTree = "<group>"; };
		B35FC12B20AD5296006BCBD8 /* ja */ = {isa = PBXFileReference; lastKnownFileType = text.plist.strings; name = ja; path = ja.lproj/InfoPlist.strings; sourceTree = "<group>"; };
		B35FC13220AD54A5006BCBD8 /* LaunchScreen.storyboard */ = {isa = PBXFileReference; fileEncoding = 4; lastKnownFileType = file.storyboard; path = LaunchScreen.storyboard; sourceTree = "<group>"; };
		B35FC13720AD5645006BCBD8 /* zh-Hans */ = {isa = PBXFileReference; lastKnownFileType = text.plist.strings; name = "zh-Hans"; path = "zh-Hans.lproj/Localizable.strings"; sourceTree = "<group>"; };
		B35FC13920AD5647006BCBD8 /* en */ = {isa = PBXFileReference; lastKnownFileType = text.plist.strings; name = en; path = en.lproj/Localizable.strings; sourceTree = "<group>"; };
		B35FC13A20AD5647006BCBD8 /* ko */ = {isa = PBXFileReference; lastKnownFileType = text.plist.strings; name = ko; path = ko.lproj/Localizable.strings; sourceTree = "<group>"; };
		B35FC13B20AD5648006BCBD8 /* ja */ = {isa = PBXFileReference; lastKnownFileType = text.plist.strings; name = ja; path = ja.lproj/Localizable.strings; sourceTree = "<group>"; };
		B35FC13D20AD58DD006BCBD8 /* NSBundle+Language.m */ = {isa = PBXFileReference; fileEncoding = 4; lastKnownFileType = sourcecode.c.objc; path = "NSBundle+Language.m"; sourceTree = "<group>"; };
		B35FC13E20AD58DD006BCBD8 /* NSBundle+Language.h */ = {isa = PBXFileReference; fileEncoding = 4; lastKnownFileType = sourcecode.c.h; path = "NSBundle+Language.h"; sourceTree = "<group>"; };
		B35FC14020AD5939006BCBD8 /* NSDictionary+NONNULLValue.m */ = {isa = PBXFileReference; fileEncoding = 4; lastKnownFileType = sourcecode.c.objc; path = "NSDictionary+NONNULLValue.m"; sourceTree = "<group>"; };
		B35FC14120AD5939006BCBD8 /* UIImage+UIColor.h */ = {isa = PBXFileReference; fileEncoding = 4; lastKnownFileType = sourcecode.c.h; path = "UIImage+UIColor.h"; sourceTree = "<group>"; };
		B35FC14220AD5939006BCBD8 /* UIImage+UIColor.m */ = {isa = PBXFileReference; fileEncoding = 4; lastKnownFileType = sourcecode.c.objc; path = "UIImage+UIColor.m"; sourceTree = "<group>"; };
		B35FC14320AD5939006BCBD8 /* NSDictionary+NONNULLValue.h */ = {isa = PBXFileReference; fileEncoding = 4; lastKnownFileType = sourcecode.c.h; path = "NSDictionary+NONNULLValue.h"; sourceTree = "<group>"; };
		B35FC14620AD594C006BCBD8 /* NSString+CGSize.h */ = {isa = PBXFileReference; lastKnownFileType = sourcecode.c.h; path = "NSString+CGSize.h"; sourceTree = "<group>"; };
		B35FC14720AD594C006BCBD8 /* NSString+CGSize.m */ = {isa = PBXFileReference; lastKnownFileType = sourcecode.c.objc; path = "NSString+CGSize.m"; sourceTree = "<group>"; };
		B35FC14A20AD5A9E006BCBD8 /* BaseRequestModel.m */ = {isa = PBXFileReference; fileEncoding = 4; lastKnownFileType = sourcecode.c.objc; path = BaseRequestModel.m; sourceTree = "<group>"; };
		B35FC14B20AD5A9E006BCBD8 /* HTTPRequestLib.h */ = {isa = PBXFileReference; fileEncoding = 4; lastKnownFileType = sourcecode.c.h; path = HTTPRequestLib.h; sourceTree = "<group>"; };
		B35FC14C20AD5A9E006BCBD8 /* BaseRequestModel.h */ = {isa = PBXFileReference; fileEncoding = 4; lastKnownFileType = sourcecode.c.h; path = BaseRequestModel.h; sourceTree = "<group>"; };
		B35FC14E20AD5BE7006BCBD8 /* AFHTTPClient.h */ = {isa = PBXFileReference; lastKnownFileType = sourcecode.c.h; path = AFHTTPClient.h; sourceTree = "<group>"; };
		B35FC14F20AD5BE7006BCBD8 /* AFHTTPClient.m */ = {isa = PBXFileReference; lastKnownFileType = sourcecode.c.objc; path = AFHTTPClient.m; sourceTree = "<group>"; };
/* End PBXFileReference section */

/* Begin PBXFrameworksBuildPhase section */
		B35FBFFE20AD4F02006BCBD8 /* Frameworks */ = {
			isa = PBXFrameworksBuildPhase;
			buildActionMask = 2147483647;
			files = (
			);
			runOnlyForDeploymentPostprocessing = 0;
		};
/* End PBXFrameworksBuildPhase section */

/* Begin PBXGroup section */
		B35FBFF820AD4F02006BCBD8 = {
			isa = PBXGroup;
			children = (
				B35FC00320AD4F02006BCBD8 /* KAAStar */,
				B35FC00220AD4F02006BCBD8 /* Products */,
			);
			sourceTree = "<group>";
		};
		B35FC00220AD4F02006BCBD8 /* Products */ = {
			isa = PBXGroup;
			children = (
				B35FC00120AD4F02006BCBD8 /* KAAStar.app */,
			);
			name = Products;
			sourceTree = "<group>";
		};
		B35FC00320AD4F02006BCBD8 /* KAAStar */ = {
			isa = PBXGroup;
			children = (
				B35FC02820AD4F28006BCBD8 /* ThirdLIB */,
				B35FC02620AD4F21006BCBD8 /* header */,
				B35FC01A20AD4F17006BCBD8 /* 自定义 */,
				B35FC00420AD4F02006BCBD8 /* AppDelegate.h */,
				B35FC00520AD4F02006BCBD8 /* AppDelegate.m */,
				B35FC00720AD4F02006BCBD8 /* ViewController.h */,
				B35FC00820AD4F02006BCBD8 /* ViewController.m */,
				B35FC00D20AD4F04006BCBD8 /* Assets.xcassets */,
				B35FC01220AD4F04006BCBD8 /* Info.plist */,
				B35FC01320AD4F04006BCBD8 /* main.m */,
				B35FC13220AD54A5006BCBD8 /* LaunchScreen.storyboard */,
				B35FC12820AD5292006BCBD8 /* InfoPlist.strings */,
				B35FC13820AD5645006BCBD8 /* Localizable.strings */,
			);
			path = KAAStar;
			sourceTree = "<group>";
		};
		B35FC01A20AD4F17006BCBD8 /* 自定义 */ = {
			isa = PBXGroup;
			children = (
				B35FC14920AD5A9E006BCBD8 /* BaseRequestService */,
				B35FC13C20AD565F006BCBD8 /* category */,
				B35FC01B20AD4F17006BCBD8 /* UI */,
			);
			path = "自定义";
			sourceTree = "<group>";
		};
		B35FC01B20AD4F17006BCBD8 /* UI */ = {
			isa = PBXGroup;
			children = (
				B35FC01C20AD4F17006BCBD8 /* controller */,
				B35FC02020AD4F17006BCBD8 /* view */,
			);
			path = UI;
			sourceTree = "<group>";
		};
		B35FC01C20AD4F17006BCBD8 /* controller */ = {
			isa = PBXGroup;
			children = (
				B35FC01D20AD4F17006BCBD8 /* BaseViewController */,
			);
			path = controller;
			sourceTree = "<group>";
		};
		B35FC01D20AD4F17006BCBD8 /* BaseViewController */ = {
			isa = PBXGroup;
			children = (
				B35FC01E20AD4F17006BCBD8 /* BaseViewController.m */,
				B35FC01F20AD4F17006BCBD8 /* BaseViewController.h */,
			);
			path = BaseViewController;
			sourceTree = "<group>";
		};
		B35FC02020AD4F17006BCBD8 /* view */ = {
			isa = PBXGroup;
			children = (
				B35FC02120AD4F17006BCBD8 /* TF_TitleView */,
			);
			path = view;
			sourceTree = "<group>";
		};
		B35FC02120AD4F17006BCBD8 /* TF_TitleView */ = {
			isa = PBXGroup;
			children = (
				B35FC02220AD4F17006BCBD8 /* TF_TitleView.m */,
				B35FC02320AD4F17006BCBD8 /* TF_TitleView.h */,
			);
			path = TF_TitleView;
			sourceTree = "<group>";
		};
		B35FC02620AD4F21006BCBD8 /* header */ = {
			isa = PBXGroup;
			children = (
				B35FC02720AD4F21006BCBD8 /* PrefixHeader.pch */,
			);
			path = header;
			sourceTree = "<group>";
		};
		B35FC02820AD4F28006BCBD8 /* ThirdLIB */ = {
			isa = PBXGroup;
			children = (
				B35FC02920AD4F28006BCBD8 /* MJExtension */,
				B35FC03F20AD4F28006BCBD8 /* MJRefresh */,
				B35FC06E20AD4F28006BCBD8 /* MBProgressHUD-master */,
				B35FC07320AD4F28006BCBD8 /* AFNetworking */,
				B35FC08720AD4F28006BCBD8 /* MBProgressHUD */,
				B35FC08A20AD4F28006BCBD8 /* SDWebImage */,
				B35FC0A820AD4F28006BCBD8 /* JSONModel */,
				B35FC0BE20AD4F28006BCBD8 /* DateTools */,
			);
			path = ThirdLIB;
			sourceTree = "<group>";
		};
		B35FC02920AD4F28006BCBD8 /* MJExtension */ = {
			isa = PBXGroup;
			children = (
				B35FC02A20AD4F28006BCBD8 /* MJPropertyKey.h */,
				B35FC02B20AD4F28006BCBD8 /* NSObject+MJClass.h */,
				B35FC02C20AD4F28006BCBD8 /* NSString+MJExtension.h */,
				B35FC02D20AD4F28006BCBD8 /* MJPropertyType.m */,
				B35FC02E20AD4F28006BCBD8 /* NSObject+MJProperty.h */,
				B35FC02F20AD4F28006BCBD8 /* MJExtensionConst.h */,
				B35FC03020AD4F28006BCBD8 /* NSObject+MJKeyValue.m */,
				B35FC03120AD4F28006BCBD8 /* MJProperty.m */,
				B35FC03220AD4F28006BCBD8 /* MJFoundation.h */,
				B35FC03320AD4F28006BCBD8 /* NSObject+MJCoding.m */,
				B35FC03420AD4F28006BCBD8 /* MJExtension.h */,
				B35FC03520AD4F28006BCBD8 /* MJExtensionConst.m */,
				B35FC03620AD4F28006BCBD8 /* NSObject+MJProperty.m */,
				B35FC03720AD4F28006BCBD8 /* MJPropertyType.h */,
				B35FC03820AD4F28006BCBD8 /* NSObject+MJClass.m */,
				B35FC03920AD4F28006BCBD8 /* NSString+MJExtension.m */,
				B35FC03A20AD4F28006BCBD8 /* MJPropertyKey.m */,
				B35FC03B20AD4F28006BCBD8 /* MJProperty.h */,
				B35FC03C20AD4F28006BCBD8 /* NSObject+MJKeyValue.h */,
				B35FC03D20AD4F28006BCBD8 /* NSObject+MJCoding.h */,
				B35FC03E20AD4F28006BCBD8 /* MJFoundation.m */,
			);
			path = MJExtension;
			sourceTree = "<group>";
		};
		B35FC03F20AD4F28006BCBD8 /* MJRefresh */ = {
			isa = PBXGroup;
			children = (
				B35FC04020AD4F28006BCBD8 /* UIScrollView+MJRefresh.m */,
				B35FC04120AD4F28006BCBD8 /* MJRefreshConst.m */,
				B35FC04220AD4F28006BCBD8 /* UIScrollView+MJExtension.h */,
				B35FC04320AD4F28006BCBD8 /* MJRefresh.h */,
				B35FC04420AD4F28006BCBD8 /* NSBundle+MJRefresh.h */,
				B35FC04520AD4F28006BCBD8 /* MJRefresh.bundle */,
				B35FC04620AD4F28006BCBD8 /* UIView+MJExtension.h */,
				B35FC04720AD4F28006BCBD8 /* UIScrollView+MJExtension.m */,
				B35FC04820AD4F28006BCBD8 /* MJRefreshConst.h */,
				B35FC04920AD4F28006BCBD8 /* UIScrollView+MJRefresh.h */,
				B35FC04A20AD4F28006BCBD8 /* NSBundle+MJRefresh.m */,
				B35FC04B20AD4F28006BCBD8 /* UIView+MJExtension.m */,
				B35FC04C20AD4F28006BCBD8 /* Custom */,
				B35FC06320AD4F28006BCBD8 /* Base */,
			);
			path = MJRefresh;
			sourceTree = "<group>";
		};
		B35FC04C20AD4F28006BCBD8 /* Custom */ = {
			isa = PBXGroup;
			children = (
				B35FC04D20AD4F28006BCBD8 /* Footer */,
				B35FC05C20AD4F28006BCBD8 /* Header */,
			);
			path = Custom;
			sourceTree = "<group>";
		};
		B35FC04D20AD4F28006BCBD8 /* Footer */ = {
			isa = PBXGroup;
			children = (
				B35FC04E20AD4F28006BCBD8 /* Back */,
				B35FC05520AD4F28006BCBD8 /* Auto */,
			);
			path = Footer;
			sourceTree = "<group>";
		};
		B35FC04E20AD4F28006BCBD8 /* Back */ = {
			isa = PBXGroup;
			children = (
				B35FC04F20AD4F28006BCBD8 /* MJRefreshBackGifFooter.h */,
				B35FC05020AD4F28006BCBD8 /* MJRefreshBackStateFooter.h */,
				B35FC05120AD4F28006BCBD8 /* MJRefreshBackNormalFooter.h */,
				B35FC05220AD4F28006BCBD8 /* MJRefreshBackGifFooter.m */,
				B35FC05320AD4F28006BCBD8 /* MJRefreshBackStateFooter.m */,
				B35FC05420AD4F28006BCBD8 /* MJRefreshBackNormalFooter.m */,
			);
			path = Back;
			sourceTree = "<group>";
		};
		B35FC05520AD4F28006BCBD8 /* Auto */ = {
			isa = PBXGroup;
			children = (
				B35FC05620AD4F28006BCBD8 /* MJRefreshAutoStateFooter.h */,
				B35FC05720AD4F28006BCBD8 /* MJRefreshAutoNormalFooter.h */,
				B35FC05820AD4F28006BCBD8 /* MJRefreshAutoGifFooter.h */,
				B35FC05920AD4F28006BCBD8 /* MJRefreshAutoStateFooter.m */,
				B35FC05A20AD4F28006BCBD8 /* MJRefreshAutoGifFooter.m */,
				B35FC05B20AD4F28006BCBD8 /* MJRefreshAutoNormalFooter.m */,
			);
			path = Auto;
			sourceTree = "<group>";
		};
		B35FC05C20AD4F28006BCBD8 /* Header */ = {
			isa = PBXGroup;
			children = (
				B35FC05D20AD4F28006BCBD8 /* MJRefreshNormalHeader.m */,
				B35FC05E20AD4F28006BCBD8 /* MJRefreshStateHeader.h */,
				B35FC05F20AD4F28006BCBD8 /* MJRefreshGifHeader.h */,
				B35FC06020AD4F28006BCBD8 /* MJRefreshNormalHeader.h */,
				B35FC06120AD4F28006BCBD8 /* MJRefreshStateHeader.m */,
				B35FC06220AD4F28006BCBD8 /* MJRefreshGifHeader.m */,
			);
			path = Header;
			sourceTree = "<group>";
		};
		B35FC06320AD4F28006BCBD8 /* Base */ = {
			isa = PBXGroup;
			children = (
				B35FC06420AD4F28006BCBD8 /* MJRefreshFooter.m */,
				B35FC06520AD4F28006BCBD8 /* MJRefreshComponent.h */,
				B35FC06620AD4F28006BCBD8 /* MJRefreshHeader.m */,
				B35FC06720AD4F28006BCBD8 /* MJRefreshAutoFooter.h */,
				B35FC06820AD4F28006BCBD8 /* MJRefreshBackFooter.m */,
				B35FC06920AD4F28006BCBD8 /* MJRefreshAutoFooter.m */,
				B35FC06A20AD4F28006BCBD8 /* MJRefreshHeader.h */,
				B35FC06B20AD4F28006BCBD8 /* MJRefreshComponent.m */,
				B35FC06C20AD4F28006BCBD8 /* MJRefreshFooter.h */,
				B35FC06D20AD4F28006BCBD8 /* MJRefreshBackFooter.h */,
			);
			path = Base;
			sourceTree = "<group>";
		};
		B35FC06E20AD4F28006BCBD8 /* MBProgressHUD-master */ = {
			isa = PBXGroup;
			children = (
				B35FC06F20AD4F28006BCBD8 /* Demo */,
			);
			path = "MBProgressHUD-master";
			sourceTree = "<group>";
		};
		B35FC06F20AD4F28006BCBD8 /* Demo */ = {
			isa = PBXGroup;
			children = (
				B35FC07020AD4F28006BCBD8 /* HudTests */,
				B35FC07120AD4F28006BCBD8 /* HudDemo */,
				B35FC07220AD4F28006BCBD8 /* HudDemoTV */,
			);
			path = Demo;
			sourceTree = "<group>";
		};
		B35FC07020AD4F28006BCBD8 /* HudTests */ = {
			isa = PBXGroup;
			children = (
			);
			path = HudTests;
			sourceTree = "<group>";
		};
		B35FC07120AD4F28006BCBD8 /* HudDemo */ = {
			isa = PBXGroup;
			children = (
			);
			path = HudDemo;
			sourceTree = "<group>";
		};
		B35FC07220AD4F28006BCBD8 /* HudDemoTV */ = {
			isa = PBXGroup;
			children = (
			);
			path = HudDemoTV;
			sourceTree = "<group>";
		};
		B35FC07320AD4F28006BCBD8 /* AFNetworking */ = {
			isa = PBXGroup;
			children = (
				B35FC07420AD4F28006BCBD8 /* AFSecurityPolicy.h */,
				B35FC07520AD4F28006BCBD8 /* AFNetworkReachabilityManager.h */,
				B35FC07620AD4F28006BCBD8 /* AFHTTPRequestOperation.h */,
				B35FC07720AD4F28006BCBD8 /* AFHTTPRequestOperationManager.h */,
				B35FC07820AD4F28006BCBD8 /* AFURLSessionManager.h */,
				B35FC07920AD4F28006BCBD8 /* AFURLRequestSerialization.h */,
				B35FC07A20AD4F28006BCBD8 /* AFURLConnectionOperation.h */,
				B35FC07B20AD4F28006BCBD8 /* AFURLResponseSerialization.m */,
				B35FC07C20AD4F28006BCBD8 /* AFHTTPSessionManager.m */,
				B35FC07D20AD4F28006BCBD8 /* AFURLConnectionOperation.m */,
				B35FC07E20AD4F28006BCBD8 /* AFURLResponseSerialization.h */,
				B35FC07F20AD4F28006BCBD8 /* AFURLSessionManager.m */,
				B35FC08020AD4F28006BCBD8 /* AFHTTPRequestOperationManager.m */,
				B35FC08120AD4F28006BCBD8 /* AFURLRequestSerialization.m */,
				B35FC08220AD4F28006BCBD8 /* AFHTTPRequestOperation.m */,
				B35FC08320AD4F28006BCBD8 /* AFNetworking.h */,
				B35FC08420AD4F28006BCBD8 /* AFNetworkReachabilityManager.m */,
				B35FC08520AD4F28006BCBD8 /* AFSecurityPolicy.m */,
				B35FC08620AD4F28006BCBD8 /* AFHTTPSessionManager.h */,
			);
			path = AFNetworking;
			sourceTree = "<group>";
		};
		B35FC08720AD4F28006BCBD8 /* MBProgressHUD */ = {
			isa = PBXGroup;
			children = (
				B35FC08820AD4F28006BCBD8 /* MBProgressHUD.m */,
				B35FC08920AD4F28006BCBD8 /* MBProgressHUD.h */,
			);
			path = MBProgressHUD;
			sourceTree = "<group>";
		};
		B35FC08A20AD4F28006BCBD8 /* SDWebImage */ = {
			isa = PBXGroup;
			children = (
				B35FC08B20AD4F28006BCBD8 /* UIImageView+WebCache.h */,
				B35FC08C20AD4F28006BCBD8 /* NSData+ImageContentType.h */,
				B35FC08D20AD4F28006BCBD8 /* SDWebImageManager.m */,
				B35FC08E20AD4F28006BCBD8 /* SDWebImageDecoder.m */,
				B35FC08F20AD4F28006BCBD8 /* SDWebImageDownloaderOperation.h */,
				B35FC09020AD4F28006BCBD8 /* UIImageView+HighlightedWebCache.m */,
				B35FC09120AD4F28006BCBD8 /* SDImageCache.h */,
				B35FC09220AD4F28006BCBD8 /* SDWebImageDownloader.m */,
				B35FC09320AD4F28006BCBD8 /* UIImage+GIF.m */,
				B35FC09420AD4F28006BCBD8 /* UIButton+WebCache.h */,
				B35FC09520AD4F28006BCBD8 /* UIImage+MultiFormat.m */,
				B35FC09620AD4F28006BCBD8 /* SDWebImageCompat.m */,
				B35FC09720AD4F28006BCBD8 /* SDWebImagePrefetcher.m */,
				B35FC09820AD4F28006BCBD8 /* UIView+WebCacheOperation.h */,
				B35FC09920AD4F28006BCBD8 /* SDImageCache.m */,
				B35FC09A20AD4F28006BCBD8 /* UIImageView+HighlightedWebCache.h */,
				B35FC09B20AD4F28006BCBD8 /* SDWebImageDownloaderOperation.m */,
				B35FC09C20AD4F28006BCBD8 /* SDWebImageDecoder.h */,
				B35FC09D20AD4F28006BCBD8 /* SDWebImageManager.h */,
				B35FC09E20AD4F28006BCBD8 /* NSData+ImageContentType.m */,
				B35FC09F20AD4F28006BCBD8 /* UIImageView+WebCache.m */,
				B35FC0A020AD4F28006BCBD8 /* SDWebImageOperation.h */,
				B35FC0A120AD4F28006BCBD8 /* SDWebImageDownloader.h */,
				B35FC0A220AD4F28006BCBD8 /* UIView+WebCacheOperation.m */,
				B35FC0A320AD4F28006BCBD8 /* SDWebImagePrefetcher.h */,
				B35FC0A420AD4F28006BCBD8 /* SDWebImageCompat.h */,
				B35FC0A520AD4F28006BCBD8 /* UIImage+MultiFormat.h */,
				B35FC0A620AD4F28006BCBD8 /* UIButton+WebCache.m */,
				B35FC0A720AD4F28006BCBD8 /* UIImage+GIF.h */,
			);
			path = SDWebImage;
			sourceTree = "<group>";
		};
		B35FC0A820AD4F28006BCBD8 /* JSONModel */ = {
			isa = PBXGroup;
			children = (
				B35FC0A920AD4F28006BCBD8 /* JSONModelTransformations */,
				B35FC0AE20AD4F28006BCBD8 /* module.modulemap */,
				B35FC0AF20AD4F28006BCBD8 /* JSONModel */,
				B35FC0B620AD4F28006BCBD8 /* JSONModelLib.h */,
				B35FC0B720AD4F28006BCBD8 /* JSONModelNetworking */,
			);
			path = JSONModel;
			sourceTree = "<group>";
		};
		B35FC0A920AD4F28006BCBD8 /* JSONModelTransformations */ = {
			isa = PBXGroup;
			children = (
				B35FC0AA20AD4F28006BCBD8 /* JSONValueTransformer.m */,
				B35FC0AB20AD4F28006BCBD8 /* JSONKeyMapper.h */,
				B35FC0AC20AD4F28006BCBD8 /* JSONValueTransformer.h */,
				B35FC0AD20AD4F28006BCBD8 /* JSONKeyMapper.m */,
			);
			path = JSONModelTransformations;
			sourceTree = "<group>";
		};
		B35FC0AF20AD4F28006BCBD8 /* JSONModel */ = {
			isa = PBXGroup;
			children = (
				B35FC0B020AD4F28006BCBD8 /* JSONModel.m */,
				B35FC0B120AD4F28006BCBD8 /* JSONModelError.m */,
				B35FC0B220AD4F28006BCBD8 /* JSONModelClassProperty.h */,
				B35FC0B320AD4F28006BCBD8 /* JSONModel.h */,
				B35FC0B420AD4F28006BCBD8 /* JSONModelClassProperty.m */,
				B35FC0B520AD4F28006BCBD8 /* JSONModelError.h */,
			);
			path = JSONModel;
			sourceTree = "<group>";
		};
		B35FC0B720AD4F28006BCBD8 /* JSONModelNetworking */ = {
			isa = PBXGroup;
			children = (
				B35FC0B820AD4F28006BCBD8 /* JSONHTTPClient.m */,
				B35FC0B920AD4F28006BCBD8 /* JSONAPI.m */,
				B35FC0BA20AD4F28006BCBD8 /* JSONModel+networking.h */,
				B35FC0BB20AD4F28006BCBD8 /* JSONHTTPClient.h */,
				B35FC0BC20AD4F28006BCBD8 /* JSONAPI.h */,
				B35FC0BD20AD4F28006BCBD8 /* JSONModel+networking.m */,
			);
			path = JSONModelNetworking;
			sourceTree = "<group>";
		};
		B35FC0BE20AD4F28006BCBD8 /* DateTools */ = {
			isa = PBXGroup;
			children = (
				B35FC0BF20AD4F28006BCBD8 /* DateTools.bundle */,
				B35FC0C020AD4F28006BCBD8 /* DTTimePeriod.m */,
				B35FC0C120AD4F28006BCBD8 /* DTError.h */,
				B35FC0C220AD4F28006BCBD8 /* DTConstants.h */,
				B35FC0C320AD4F28006BCBD8 /* NSDate+DateTools.m */,
				B35FC0C420AD4F28006BCBD8 /* DTTimePeriodChain.h */,
				B35FC0C520AD4F28006BCBD8 /* DTTimePeriodGroup.m */,
				B35FC0C620AD4F28006BCBD8 /* DTTimePeriodCollection.h */,
				B35FC0C720AD4F28006BCBD8 /* DateTools.h */,
				B35FC0C820AD4F28006BCBD8 /* DTTimePeriod.h */,
				B35FC0C920AD4F28006BCBD8 /* DTConstants.m */,
				B35FC0CA20AD4F28006BCBD8 /* DTError.m */,
				B35FC0CB20AD4F28006BCBD8 /* DTTimePeriodCollection.m */,
				B35FC0CC20AD4F28006BCBD8 /* DTTimePeriodGroup.h */,
				B35FC0CD20AD4F28006BCBD8 /* DTTimePeriodChain.m */,
				B35FC0CE20AD4F28006BCBD8 /* NSDate+DateTools.h */,
			);
			path = DateTools;
			sourceTree = "<group>";
		};
		B35FC13C20AD565F006BCBD8 /* category */ = {
			isa = PBXGroup;
			children = (
				B35FC14320AD5939006BCBD8 /* NSDictionary+NONNULLValue.h */,
				B35FC14020AD5939006BCBD8 /* NSDictionary+NONNULLValue.m */,
				B35FC14120AD5939006BCBD8 /* UIImage+UIColor.h */,
				B35FC14220AD5939006BCBD8 /* UIImage+UIColor.m */,
				B35FC13E20AD58DD006BCBD8 /* NSBundle+Language.h */,
				B35FC13D20AD58DD006BCBD8 /* NSBundle+Language.m */,
				B35FC14620AD594C006BCBD8 /* NSString+CGSize.h */,
				B35FC14720AD594C006BCBD8 /* NSString+CGSize.m */,
			);
			path = category;
			sourceTree = "<group>";
		};
		B35FC14920AD5A9E006BCBD8 /* BaseRequestService */ = {
			isa = PBXGroup;
			children = (
				B35FC14B20AD5A9E006BCBD8 /* HTTPRequestLib.h */,
				B35FC14C20AD5A9E006BCBD8 /* BaseRequestModel.h */,
				B35FC14A20AD5A9E006BCBD8 /* BaseRequestModel.m */,
				B35FC14E20AD5BE7006BCBD8 /* AFHTTPClient.h */,
				B35FC14F20AD5BE7006BCBD8 /* AFHTTPClient.m */,
			);
			path = BaseRequestService;
			sourceTree = "<group>";
		};
/* End PBXGroup section */

/* Begin PBXNativeTarget section */
		B35FC00020AD4F02006BCBD8 /* KAAStar */ = {
			isa = PBXNativeTarget;
			buildConfigurationList = B35FC01720AD4F04006BCBD8 /* Build configuration list for PBXNativeTarget "KAAStar" */;
			buildPhases = (
				B35FBFFD20AD4F02006BCBD8 /* Sources */,
				B35FBFFE20AD4F02006BCBD8 /* Frameworks */,
				B35FBFFF20AD4F02006BCBD8 /* Resources */,
			);
			buildRules = (
			);
			dependencies = (
			);
			name = KAAStar;
			productName = KAAStar;
			productReference = B35FC00120AD4F02006BCBD8 /* KAAStar.app */;
			productType = "com.apple.product-type.application";
		};
/* End PBXNativeTarget section */

/* Begin PBXProject section */
		B35FBFF920AD4F02006BCBD8 /* Project object */ = {
			isa = PBXProject;
			attributes = {
				LastUpgradeCheck = 0930;
				ORGANIZATIONNAME = yuandaiyong;
				TargetAttributes = {
					B35FC00020AD4F02006BCBD8 = {
						CreatedOnToolsVersion = 9.3.1;
					};
				};
			};
			buildConfigurationList = B35FBFFC20AD4F02006BCBD8 /* Build configuration list for PBXProject "KAAStar" */;
			compatibilityVersion = "Xcode 9.3";
			developmentRegion = en;
			hasScannedForEncodings = 0;
			knownRegions = (
				Base,
				en,
				ko,
				ja,
			);
			mainGroup = B35FBFF820AD4F02006BCBD8;
			productRefGroup = B35FC00220AD4F02006BCBD8 /* Products */;
			projectDirPath = "";
			projectRoot = "";
			targets = (
				B35FC00020AD4F02006BCBD8 /* KAAStar */,
			);
		};
/* End PBXProject section */

/* Begin PBXResourcesBuildPhase section */
		B35FBFFF20AD4F02006BCBD8 /* Resources */ = {
			isa = PBXResourcesBuildPhase;
			buildActionMask = 2147483647;
			files = (
				B35FC00E20AD4F04006BCBD8 /* Assets.xcassets in Resources */,
				B35FC13620AD5645006BCBD8 /* Localizable.strings in Resources */,
				B35FC0DB20AD4F29006BCBD8 /* MJRefresh.bundle in Resources */,
				B35FC10D20AD4F29006BCBD8 /* DateTools.bundle in Resources */,
				B35FC13320AD54A6006BCBD8 /* LaunchScreen.storyboard in Resources */,
				B35FC12620AD5292006BCBD8 /* InfoPlist.strings in Resources */,
			);
			runOnlyForDeploymentPostprocessing = 0;
		};
/* End PBXResourcesBuildPhase section */

/* Begin PBXSourcesBuildPhase section */
		B35FBFFD20AD4F02006BCBD8 /* Sources */ = {
			isa = PBXSourcesBuildPhase;
			buildActionMask = 2147483647;
			files = (
				B35FC0EC20AD4F29006BCBD8 /* MJRefreshComponent.m in Sources */,
				B35FC10520AD4F29006BCBD8 /* JSONValueTransformer.m in Sources */,
				B35FC15020AD5BE7006BCBD8 /* AFHTTPClient.m in Sources */,
				B35FC0E520AD4F29006BCBD8 /* MJRefreshNormalHeader.m in Sources */,
				B35FC0DC20AD4F29006BCBD8 /* UIScrollView+MJExtension.m in Sources */,
				B35FC10A20AD4F29006BCBD8 /* JSONHTTPClient.m in Sources */,
				B35FC10720AD4F29006BCBD8 /* JSONModel.m in Sources */,
				B35FC0EE20AD4F29006BCBD8 /* AFHTTPSessionManager.m in Sources */,
				B35FC0DD20AD4F29006BCBD8 /* NSBundle+MJRefresh.m in Sources */,
				B35FC0FB20AD4F29006BCBD8 /* UIImage+GIF.m in Sources */,
				B35FC00920AD4F02006BCBD8 /* ViewController.m in Sources */,
				B35FC10F20AD4F29006BCBD8 /* NSDate+DateTools.m in Sources */,
				B35FC0D720AD4F29006BCBD8 /* MJPropertyKey.m in Sources */,
				B35FC0F220AD4F29006BCBD8 /* AFURLRequestSerialization.m in Sources */,
				B35FC02520AD4F17006BCBD8 /* TF_TitleView.m in Sources */,
				B35FC10120AD4F29006BCBD8 /* NSData+ImageContentType.m in Sources */,
				B35FC0D820AD4F29006BCBD8 /* MJFoundation.m in Sources */,
				B35FC0F420AD4F29006BCBD8 /* AFNetworkReachabilityManager.m in Sources */,
				B35FC14520AD5939006BCBD8 /* UIImage+UIColor.m in Sources */,
				B35FC11220AD4F29006BCBD8 /* DTError.m in Sources */,
				B35FC0F520AD4F29006BCBD8 /* AFSecurityPolicy.m in Sources */,
				B35FC0F720AD4F29006BCBD8 /* SDWebImageManager.m in Sources */,
				B35FC0DA20AD4F29006BCBD8 /* MJRefreshConst.m in Sources */,
				B35FC0E320AD4F29006BCBD8 /* MJRefreshAutoGifFooter.m in Sources */,
				B35FC13F20AD58DD006BCBD8 /* NSBundle+Language.m in Sources */,
				B35FC0E620AD4F29006BCBD8 /* MJRefreshStateHeader.m in Sources */,
				B35FC10220AD4F29006BCBD8 /* UIImageView+WebCache.m in Sources */,
				B35FC0F920AD4F29006BCBD8 /* UIImageView+HighlightedWebCache.m in Sources */,
				B35FC11320AD4F29006BCBD8 /* DTTimePeriodCollection.m in Sources */,
				B35FC0F620AD4F29006BCBD8 /* MBProgressHUD.m in Sources */,
				B35FC0EB20AD4F29006BCBD8 /* MJRefreshAutoFooter.m in Sources */,
				B35FC0E920AD4F29006BCBD8 /* MJRefreshHeader.m in Sources */,
				B35FC0DF20AD4F29006BCBD8 /* MJRefreshBackGifFooter.m in Sources */,
				B35FC0FC20AD4F29006BCBD8 /* UIImage+MultiFormat.m in Sources */,
				B35FC0D420AD4F29006BCBD8 /* NSObject+MJProperty.m in Sources */,
				B35FC02420AD4F17006BCBD8 /* BaseViewController.m in Sources */,
				B35FC10420AD4F29006BCBD8 /* UIButton+WebCache.m in Sources */,
				B35FC0D120AD4F29006BCBD8 /* MJProperty.m in Sources */,
				B35FC0D020AD4F29006BCBD8 /* NSObject+MJKeyValue.m in Sources */,
				B35FC10B20AD4F29006BCBD8 /* JSONAPI.m in Sources */,
				B35FC0EF20AD4F29006BCBD8 /* AFURLConnectionOperation.m in Sources */,
				B35FC14420AD5939006BCBD8 /* NSDictionary+NONNULLValue.m in Sources */,
				B35FC0FD20AD4F29006BCBD8 /* SDWebImageCompat.m in Sources */,
				B35FC0FE20AD4F29006BCBD8 /* SDWebImagePrefetcher.m in Sources */,
				B35FC0F120AD4F29006BCBD8 /* AFHTTPRequestOperationManager.m in Sources */,
				B35FC0E020AD4F29006BCBD8 /* MJRefreshBackStateFooter.m in Sources */,
				B35FC0ED20AD4F29006BCBD8 /* AFURLResponseSerialization.m in Sources */,
				B35FC11420AD4F29006BCBD8 /* DTTimePeriodChain.m in Sources */,
				B35FC0F820AD4F29006BCBD8 /* SDWebImageDecoder.m in Sources */,
				B35FC14D20AD5A9E006BCBD8 /* BaseRequestModel.m in Sources */,
				B35FC0DE20AD4F29006BCBD8 /* UIView+MJExtension.m in Sources */,
				B35FC10820AD4F29006BCBD8 /* JSONModelError.m in Sources */,
				B35FC0D620AD4F29006BCBD8 /* NSString+MJExtension.m in Sources */,
				B35FC11120AD4F29006BCBD8 /* DTConstants.m in Sources */,
				B35FC0E120AD4F29006BCBD8 /* MJRefreshBackNormalFooter.m in Sources */,
				B35FC0D220AD4F29006BCBD8 /* NSObject+MJCoding.m in Sources */,
				B35FC0D320AD4F29006BCBD8 /* MJExtensionConst.m in Sources */,
				B35FC0FF20AD4F29006BCBD8 /* SDImageCache.m in Sources */,
				B35FC0EA20AD4F29006BCBD8 /* MJRefreshBackFooter.m in Sources */,
				B35FC10320AD4F29006BCBD8 /* UIView+WebCacheOperation.m in Sources */,
				B35FC0E720AD4F29006BCBD8 /* MJRefreshGifHeader.m in Sources */,
				B35FC10020AD4F29006BCBD8 /* SDWebImageDownloaderOperation.m in Sources */,
				B35FC14820AD594C006BCBD8 /* NSString+CGSize.m in Sources */,
				B35FC0F020AD4F29006BCBD8 /* AFURLSessionManager.m in Sources */,
				B35FC0E420AD4F29006BCBD8 /* MJRefreshAutoNormalFooter.m in Sources */,
				B35FC0CF20AD4F29006BCBD8 /* MJPropertyType.m in Sources */,
				B35FC0FA20AD4F29006BCBD8 /* SDWebImageDownloader.m in Sources */,
				B35FC0F320AD4F29006BCBD8 /* AFHTTPRequestOperation.m in Sources */,
				B35FC11020AD4F29006BCBD8 /* DTTimePeriodGroup.m in Sources */,
				B35FC0D920AD4F29006BCBD8 /* UIScrollView+MJRefresh.m in Sources */,
				B35FC10920AD4F29006BCBD8 /* JSONModelClassProperty.m in Sources */,
				B35FC10620AD4F29006BCBD8 /* JSONKeyMapper.m in Sources */,
				B35FC0E220AD4F29006BCBD8 /* MJRefreshAutoStateFooter.m in Sources */,
				B35FC10E20AD4F29006BCBD8 /* DTTimePeriod.m in Sources */,
				B35FC10C20AD4F29006BCBD8 /* JSONModel+networking.m in Sources */,
				B35FC0D520AD4F29006BCBD8 /* NSObject+MJClass.m in Sources */,
				B35FC01420AD4F04006BCBD8 /* main.m in Sources */,
				B35FC00620AD4F02006BCBD8 /* AppDelegate.m in Sources */,
				B35FC0E820AD4F29006BCBD8 /* MJRefreshFooter.m in Sources */,
			);
			runOnlyForDeploymentPostprocessing = 0;
		};
/* End PBXSourcesBuildPhase section */

/* Begin PBXVariantGroup section */
		B35FC12820AD5292006BCBD8 /* InfoPlist.strings */ = {
			isa = PBXVariantGroup;
			children = (
				B35FC12720AD5292006BCBD8 /* zh-Hans */,
				B35FC12920AD5294006BCBD8 /* en */,
				B35FC12A20AD5295006BCBD8 /* ko */,
				B35FC12B20AD5296006BCBD8 /* ja */,
			);
			name = InfoPlist.strings;
			sourceTree = "<group>";
		};
		B35FC13820AD5645006BCBD8 /* Localizable.strings */ = {
			isa = PBXVariantGroup;
			children = (
				B35FC13720AD5645006BCBD8 /* zh-Hans */,
				B35FC13920AD5647006BCBD8 /* en */,
				B35FC13A20AD5647006BCBD8 /* ko */,
				B35FC13B20AD5648006BCBD8 /* ja */,
			);
			name = Localizable.strings;
			sourceTree = "<group>";
		};
/* End PBXVariantGroup section */

/* Begin XCBuildConfiguration section */
		B35FC01520AD4F04006BCBD8 /* Debug */ = {
			isa = XCBuildConfiguration;
			buildSettings = {
				ALWAYS_SEARCH_USER_PATHS = NO;
				CLANG_ANALYZER_LOCALIZABILITY_NONLOCALIZED = YES;
				CLANG_ANALYZER_NONNULL = YES;
				CLANG_ANALYZER_NUMBER_OBJECT_CONVERSION = YES_AGGRESSIVE;
				CLANG_CXX_LANGUAGE_STANDARD = "gnu++14";
				CLANG_CXX_LIBRARY = "libc++";
				CLANG_ENABLE_MODULES = YES;
				CLANG_ENABLE_OBJC_ARC = YES;
				CLANG_ENABLE_OBJC_WEAK = YES;
				CLANG_WARN_BLOCK_CAPTURE_AUTORELEASING = YES;
				CLANG_WARN_BOOL_CONVERSION = YES;
				CLANG_WARN_COMMA = YES;
				CLANG_WARN_CONSTANT_CONVERSION = YES;
				CLANG_WARN_DEPRECATED_OBJC_IMPLEMENTATIONS = YES;
				CLANG_WARN_DIRECT_OBJC_ISA_USAGE = YES_ERROR;
				CLANG_WARN_DOCUMENTATION_COMMENTS = YES;
				CLANG_WARN_EMPTY_BODY = YES;
				CLANG_WARN_ENUM_CONVERSION = YES;
				CLANG_WARN_INFINITE_RECURSION = YES;
				CLANG_WARN_INT_CONVERSION = YES;
				CLANG_WARN_NON_LITERAL_NULL_CONVERSION = YES;
				CLANG_WARN_OBJC_IMPLICIT_RETAIN_SELF = YES;
				CLANG_WARN_OBJC_LITERAL_CONVERSION = YES;
				CLANG_WARN_OBJC_ROOT_CLASS = YES_ERROR;
				CLANG_WARN_RANGE_LOOP_ANALYSIS = YES;
				CLANG_WARN_STRICT_PROTOTYPES = YES;
				CLANG_WARN_SUSPICIOUS_MOVE = YES;
				CLANG_WARN_UNGUARDED_AVAILABILITY = YES_AGGRESSIVE;
				CLANG_WARN_UNREACHABLE_CODE = YES;
				CLANG_WARN__DUPLICATE_METHOD_MATCH = YES;
				CODE_SIGN_IDENTITY = "iPhone Developer";
				COPY_PHASE_STRIP = NO;
				DEBUG_INFORMATION_FORMAT = dwarf;
				ENABLE_STRICT_OBJC_MSGSEND = YES;
				ENABLE_TESTABILITY = YES;
				GCC_C_LANGUAGE_STANDARD = gnu11;
				GCC_DYNAMIC_NO_PIC = NO;
				GCC_NO_COMMON_BLOCKS = YES;
				GCC_OPTIMIZATION_LEVEL = 0;
				GCC_PREPROCESSOR_DEFINITIONS = (
					"DEBUG=1",
					"$(inherited)",
				);
				GCC_WARN_64_TO_32_BIT_CONVERSION = YES;
				GCC_WARN_ABOUT_RETURN_TYPE = YES_ERROR;
				GCC_WARN_UNDECLARED_SELECTOR = YES;
				GCC_WARN_UNINITIALIZED_AUTOS = YES_AGGRESSIVE;
				GCC_WARN_UNUSED_FUNCTION = YES;
				GCC_WARN_UNUSED_VARIABLE = YES;
				IPHONEOS_DEPLOYMENT_TARGET = 11.3;
				MTL_ENABLE_DEBUG_INFO = YES;
				ONLY_ACTIVE_ARCH = YES;
				SDKROOT = iphoneos;
			};
			name = Debug;
		};
		B35FC01620AD4F04006BCBD8 /* Release */ = {
			isa = XCBuildConfiguration;
			buildSettings = {
				ALWAYS_SEARCH_USER_PATHS = NO;
				CLANG_ANALYZER_LOCALIZABILITY_NONLOCALIZED = YES;
				CLANG_ANALYZER_NONNULL = YES;
				CLANG_ANALYZER_NUMBER_OBJECT_CONVERSION = YES_AGGRESSIVE;
				CLANG_CXX_LANGUAGE_STANDARD = "gnu++14";
				CLANG_CXX_LIBRARY = "libc++";
				CLANG_ENABLE_MODULES = YES;
				CLANG_ENABLE_OBJC_ARC = YES;
				CLANG_ENABLE_OBJC_WEAK = YES;
				CLANG_WARN_BLOCK_CAPTURE_AUTORELEASING = YES;
				CLANG_WARN_BOOL_CONVERSION = YES;
				CLANG_WARN_COMMA = YES;
				CLANG_WARN_CONSTANT_CONVERSION = YES;
				CLANG_WARN_DEPRECATED_OBJC_IMPLEMENTATIONS = YES;
				CLANG_WARN_DIRECT_OBJC_ISA_USAGE = YES_ERROR;
				CLANG_WARN_DOCUMENTATION_COMMENTS = YES;
				CLANG_WARN_EMPTY_BODY = YES;
				CLANG_WARN_ENUM_CONVERSION = YES;
				CLANG_WARN_INFINITE_RECURSION = YES;
				CLANG_WARN_INT_CONVERSION = YES;
				CLANG_WARN_NON_LITERAL_NULL_CONVERSION = YES;
				CLANG_WARN_OBJC_IMPLICIT_RETAIN_SELF = YES;
				CLANG_WARN_OBJC_LITERAL_CONVERSION = YES;
				CLANG_WARN_OBJC_ROOT_CLASS = YES_ERROR;
				CLANG_WARN_RANGE_LOOP_ANALYSIS = YES;
				CLANG_WARN_STRICT_PROTOTYPES = YES;
				CLANG_WARN_SUSPICIOUS_MOVE = YES;
				CLANG_WARN_UNGUARDED_AVAILABILITY = YES_AGGRESSIVE;
				CLANG_WARN_UNREACHABLE_CODE = YES;
				CLANG_WARN__DUPLICATE_METHOD_MATCH = YES;
				CODE_SIGN_IDENTITY = "iPhone Developer";
				COPY_PHASE_STRIP = NO;
				DEBUG_INFORMATION_FORMAT = "dwarf-with-dsym";
				ENABLE_NS_ASSERTIONS = NO;
				ENABLE_STRICT_OBJC_MSGSEND = YES;
				GCC_C_LANGUAGE_STANDARD = gnu11;
				GCC_NO_COMMON_BLOCKS = YES;
				GCC_WARN_64_TO_32_BIT_CONVERSION = YES;
				GCC_WARN_ABOUT_RETURN_TYPE = YES_ERROR;
				GCC_WARN_UNDECLARED_SELECTOR = YES;
				GCC_WARN_UNINITIALIZED_AUTOS = YES_AGGRESSIVE;
				GCC_WARN_UNUSED_FUNCTION = YES;
				GCC_WARN_UNUSED_VARIABLE = YES;
				IPHONEOS_DEPLOYMENT_TARGET = 11.3;
				MTL_ENABLE_DEBUG_INFO = NO;
				SDKROOT = iphoneos;
				VALIDATE_PRODUCT = YES;
			};
			name = Release;
		};
		B35FC01820AD4F04006BCBD8 /* Debug */ = {
			isa = XCBuildConfiguration;
			buildSettings = {
				ASSETCATALOG_COMPILER_APPICON_NAME = AppIcon;
				CODE_SIGN_STYLE = Automatic;
				DEVELOPMENT_TEAM = 7P7D2DHZBW;
				GCC_PREFIX_HEADER = KAAStar/header/PrefixHeader.pch;
				INFOPLIST_FILE = KAAStar/Info.plist;
				IPHONEOS_DEPLOYMENT_TARGET = 8.0;
				LD_RUNPATH_SEARCH_PATHS = (
					"$(inherited)",
					"@executable_path/Frameworks",
				);
				PRODUCT_BUNDLE_IDENTIFIER = com.test.KAAStar;
				PRODUCT_NAME = "$(TARGET_NAME)";
				TARGETED_DEVICE_FAMILY = 1;
			};
			name = Debug;
		};
		B35FC01920AD4F04006BCBD8 /* Release */ = {
			isa = XCBuildConfiguration;
			buildSettings = {
				ASSETCATALOG_COMPILER_APPICON_NAME = AppIcon;
				CODE_SIGN_STYLE = Automatic;
				DEVELOPMENT_TEAM = 7P7D2DHZBW;
				GCC_PREFIX_HEADER = KAAStar/header/PrefixHeader.pch;
				INFOPLIST_FILE = KAAStar/Info.plist;
				IPHONEOS_DEPLOYMENT_TARGET = 8.0;
				LD_RUNPATH_SEARCH_PATHS = (
					"$(inherited)",
					"@executable_path/Frameworks",
				);
				PRODUCT_BUNDLE_IDENTIFIER = com.test.KAAStar;
				PRODUCT_NAME = "$(TARGET_NAME)";
				TARGETED_DEVICE_FAMILY = 1;
			};
			name = Release;
		};
/* End XCBuildConfiguration section */

/* Begin XCConfigurationList section */
		B35FBFFC20AD4F02006BCBD8 /* Build configuration list for PBXProject "KAAStar" */ = {
			isa = XCConfigurationList;
			buildConfigurations = (
				B35FC01520AD4F04006BCBD8 /* Debug */,
				B35FC01620AD4F04006BCBD8 /* Release */,
			);
			defaultConfigurationIsVisible = 0;
			defaultConfigurationName = Release;
		};
		B35FC01720AD4F04006BCBD8 /* Build configuration list for PBXNativeTarget "KAAStar" */ = {
			isa = XCConfigurationList;
			buildConfigurations = (
				B35FC01820AD4F04006BCBD8 /* Debug */,
				B35FC01920AD4F04006BCBD8 /* Release */,
			);
			defaultConfigurationIsVisible = 0;
			defaultConfigurationName = Release;
		};
/* End XCConfigurationList section */
	};
	rootObject = B35FBFF920AD4F02006BCBD8 /* Project object */;
}
